// !$*UTF8*$!
{
	archiveVersion = 1;
	classes = {
	};
	objectVersion = 77;
	objects = {

/* Begin PBXBuildFile section */
		002A8C01BCBF5B3278715773 /* LunaWatchUITests.swift in Sources */ = {isa = PBXBuildFile; fileRef = D8FBE0D0B195535D34251B98 /* LunaWatchUITests.swift */; };
		009C4FA87B69845E549718C2 /* LunaUITests.swift in Sources */ = {isa = PBXBuildFile; fileRef = 37224358526A57AC70F20BA0 /* LunaUITests.swift */; };
		02524708F5CAA639246EC2A4 /* MarkdownDocument.swift in Sources */ = {isa = PBXBuildFile; fileRef = D57DA3D0C9E7F119F8B76BDD /* MarkdownDocument.swift */; };
		051F82E015B5FF2FE6AFDE26 /* LunaRouteTests.swift in Sources */ = {isa = PBXBuildFile; fileRef = E33D93670D8849CD3E1276AE /* LunaRouteTests.swift */; };
		08A524A97215FE0EEFE4FEB9 /* ConversationSidebar.swift in Sources */ = {isa = PBXBuildFile; fileRef = AF280810D22370DA77BDEC31 /* ConversationSidebar.swift */; };
		0BA4C4EF3498F60D61A34FE0 /* LunaTests.swift in Sources */ = {isa = PBXBuildFile; fileRef = BDF59CED60218ECEC6977138 /* LunaTests.swift */; };
		136EC6551C940EF3D07D8B9C /* LunaWatch.app in Embed Watch Content */ = {isa = PBXBuildFile; fileRef = F923379C216B30833E06A3D7 /* LunaWatch.app */; settings = {ATTRIBUTES = (RemoveHeadersOnCopy, ); }; };
		155FCF274D69E02401F3A457 /* AgentControlsView.swift in Sources */ = {isa = PBXBuildFile; fileRef = 1FBA06C0C3B81E8D0960DAF5 /* AgentControlsView.swift */; };
		15B46187F8C8BD0A4EE86CFC /* Assets.xcassets in Resources */ = {isa = PBXBuildFile; fileRef = E96B7E7A06DF89787C80559D /* Assets.xcassets */; };
		17C99E4C508FB16C3508A883 /* MultipartForm.swift in Sources */ = {isa = PBXBuildFile; fileRef = 3299407BD23BA1484448E336 /* MultipartForm.swift */; };
		192405372B38032B0EB041A5 /* LunaWidgets.appex in Embed Foundation Extensions */ = {isa = PBXBuildFile; fileRef = 55E9D38C4309E382E7B42369 /* LunaWidgets.appex */; settings = {ATTRIBUTES = (RemoveHeadersOnCopy, ); }; };
		1B8224EAE0A4611AF5D043FA /* LunaTime.swift in Sources */ = {isa = PBXBuildFile; fileRef = 39D79A5020F9E11215648BD2 /* LunaTime.swift */; };
		1BC36092F2B3D81B85ADD779 /* LunaIconButton.swift in Sources */ = {isa = PBXBuildFile; fileRef = 50AF1EC1B60EFEEA69DE151C /* LunaIconButton.swift */; };
		1E319A77692B7DED7BEE0402 /* ComposerDraft.swift in Sources */ = {isa = PBXBuildFile; fileRef = F77EA033D26FA403D3E29B40 /* ComposerDraft.swift */; };
		1EDBABC3AF8F07E011EA4672 /* LunaWatchWidgets.swift in Sources */ = {isa = PBXBuildFile; fileRef = CE46F5770EBA392116759178 /* LunaWatchWidgets.swift */; };
		2B50F0AC09DE2B8DFF663CEB /* Entities.swift in Sources */ = {isa = PBXBuildFile; fileRef = 10DD83F26A896CBD3D7BB2BC /* Entities.swift */; };
		302F12F9BD2E38F06E293C61 /* LunaContinueWidget.swift in Sources */ = {isa = PBXBuildFile; fileRef = 7D2691FB39D98B15A636ACD0 /* LunaContinueWidget.swift */; };
		35ED7821BC15259781BA8F87 /* LunaWatchHomeView.swift in Sources */ = {isa = PBXBuildFile; fileRef = 2EB9D6CF8BF32959F10A2920 /* LunaWatchHomeView.swift */; };
		3DAE34D4A6DDAB4EE0140C5E /* PairingTests.swift in Sources */ = {isa = PBXBuildFile; fileRef = 2D02B47A7E4945E3F685C892 /* PairingTests.swift */; };
		3EA48570E5A5D7725E448D37 /* RootView.swift in Sources */ = {isa = PBXBuildFile; fileRef = 0EBD08A622DC05B5D6C4BA28 /* RootView.swift */; };
		45DB3855FB7B9F2F63A94E4B /* PairingView.swift in Sources */ = {isa = PBXBuildFile; fileRef = ACE6EE1E3B3B745AD07D2E75 /* PairingView.swift */; };
		468B9F13174914AE84E432A1 /* PrivacyInfo.xcprivacy in Resources */ = {isa = PBXBuildFile; fileRef = A63041E831EF9240CE61F907 /* PrivacyInfo.xcprivacy */; };
		5024609EE38307661CBC945C /* LunaApp.swift in Sources */ = {isa = PBXBuildFile; fileRef = 446892BB5B365737EE00315F /* LunaApp.swift */; };
		55B9BB28E50143DAD4976951 /* ConversationShellView.swift in Sources */ = {isa = PBXBuildFile; fileRef = D7E74A437020C38E3448B41E /* ConversationShellView.swift */; };
		5B7FE1C6748EBD559735CF83 /* LunaWatchWidgets.appex in Embed Foundation Extensions */ = {isa = PBXBuildFile; fileRef = 742807A2B95FB9969E766059 /* LunaWatchWidgets.appex */; settings = {ATTRIBUTES = (RemoveHeadersOnCopy, ); }; };
		60A4B863CF7D50182AF219DF /* LunaTimeTests.swift in Sources */ = {isa = PBXBuildFile; fileRef = D800357345CADB742046B83B /* LunaTimeTests.swift */; };
		63C5177BA73E69FF55428E90 /* CredentialStore.swift in Sources */ = {isa = PBXBuildFile; fileRef = 1C370C7ADBA88F9E1C17C2E1 /* CredentialStore.swift */; };
		660DADFB2FB33F3B7EB18E89 /* LunaRoute.swift in Sources */ = {isa = PBXBuildFile; fileRef = 1C4E86961E12819FF660F840 /* LunaRoute.swift */; };
		6FD0E3416058955C97B1E47B /* LunaWatchTests.swift in Sources */ = {isa = PBXBuildFile; fileRef = 6182A2AE19BFA87434618CF9 /* LunaWatchTests.swift */; };
		703E3FA4F4A88D1F5BC6F6A9 /* APIClient.swift in Sources */ = {isa = PBXBuildFile; fileRef = D9BE9D9ED57041FAB2589F3D /* APIClient.swift */; };
		746DEBCC2CBCC91F89751784 /* AuthenticatedImageLoader.swift in Sources */ = {isa = PBXBuildFile; fileRef = 19DB4F9947491A7E033BA1FA /* AuthenticatedImageLoader.swift */; };
		79FB38B90A7B1F45FBB430B1 /* MarkdownTests.swift in Sources */ = {isa = PBXBuildFile; fileRef = E9A36CC818E30F432A856BF7 /* MarkdownTests.swift */; };
		7BBF6590B1B934FAFDA8BC84 /* AppModel.swift in Sources */ = {isa = PBXBuildFile; fileRef = E556359BF68F1642E3BA0FA5 /* AppModel.swift */; };
		8484D71F46A61DF8FC6E8E0E /* PrivacyInfo.xcprivacy in Resources */ = {isa = PBXBuildFile; fileRef = 0115226D947BB6D519EA0EF6 /* PrivacyInfo.xcprivacy */; };
		8A551BB80F78B6EB3575F6E2 /* LunaTheme.swift in Sources */ = {isa = PBXBuildFile; fileRef = ECFD1B295E68E217F4E87326 /* LunaTheme.swift */; };
		8D5EC7878405F2CDC13AF4DB /* AuthenticatedImageView.swift in Sources */ = {isa = PBXBuildFile; fileRef = 736E33EAB2B5AA9512E1F8B0 /* AuthenticatedImageView.swift */; };
		8FD54FEB77B276E4D3A0302B /* MarkdownView.swift in Sources */ = {isa = PBXBuildFile; fileRef = E615B4F62478DD81610EC904 /* MarkdownView.swift */; };
		93FFE8FCDE8C11B7895E2171 /* ProtocolTests.swift in Sources */ = {isa = PBXBuildFile; fileRef = FB0A80C2D2C9CD3BC17BF432 /* ProtocolTests.swift */; };
		960D617D2DD0D4E429DB97EB /* LunaColors.swift in Sources */ = {isa = PBXBuildFile; fileRef = 0A68162DD0A4DA703F05A031 /* LunaColors.swift */; };
		9FC002CF6EAE2CE8DA87219A /* ComposerTests.swift in Sources */ = {isa = PBXBuildFile; fileRef = 7541218330E7B427920F4074 /* ComposerTests.swift */; };
		A06208D9EF460CCF925333D1 /* LunaColors.swift in Sources */ = {isa = PBXBuildFile; fileRef = 0A68162DD0A4DA703F05A031 /* LunaColors.swift */; };
		A0C4F0AE302272715C926DB9 /* ConversationStoreTests.swift in Sources */ = {isa = PBXBuildFile; fileRef = 302CDA3842D14DAA19FB466F /* ConversationStoreTests.swift */; };
		A0C990BCDF369F55ABBF2A4F /* APIModels.swift in Sources */ = {isa = PBXBuildFile; fileRef = 500F918CCAAA34D0F020DA8B /* APIModels.swift */; };
		A16D7BCEDFD1741F1FFEE6A4 /* ConversationTranscriptView.swift in Sources */ = {isa = PBXBuildFile; fileRef = BB5BE7E52636B4529580B80B /* ConversationTranscriptView.swift */; };
		A50707F0A0C4C4C9C011EFFB /* ConversationComposerView.swift in Sources */ = {isa = PBXBuildFile; fileRef = 6D0BD429F1A21CC066B7E0C0 /* ConversationComposerView.swift */; };
		A58E3C292E2426AEF670B6D4 /* LunaWatchApp.swift in Sources */ = {isa = PBXBuildFile; fileRef = 2EFBDDA32CABF3FA5402AF50 /* LunaWatchApp.swift */; };
		AA1951FBBA7C1FD2541913D4 /* ConversationState.swift in Sources */ = {isa = PBXBuildFile; fileRef = 994F478C79239B9A8C3F52C0 /* ConversationState.swift */; };
		ABA8D6972EE584D148484EDF /* LunaColors.swift in Sources */ = {isa = PBXBuildFile; fileRef = 0A68162DD0A4DA703F05A031 /* LunaColors.swift */; };
		AD3445321C1D0415A74992A7 /* LunaIcon.swift in Sources */ = {isa = PBXBuildFile; fileRef = A63BC4C2BA97762545D5E26D /* LunaIcon.swift */; };
		ADAA261DA97E6083EF38B36F /* ConversationProjectTests.swift in Sources */ = {isa = PBXBuildFile; fileRef = 222CFCA4902A56874DAE3523 /* ConversationProjectTests.swift */; };
		B9DD7592B8189322F409309D /* NetworkingTests.swift in Sources */ = {isa = PBXBuildFile; fileRef = F65C6B3ABF9AC0E142BCDC55 /* NetworkingTests.swift */; };
		C07AD33770DB2AAE5E586782 /* PreviewFixtures.swift in Sources */ = {isa = PBXBuildFile; fileRef = 4FAFADCFD36370FA374DB042 /* PreviewFixtures.swift */; };
		C145F46484E61AF629AD4AD9 /* ConversationStateTests.swift in Sources */ = {isa = PBXBuildFile; fileRef = AF07C179E6289F68DAA211AD /* ConversationStateTests.swift */; };
		C2F36A2D4F3DA6AED2E85243 /* CodeHighlighter.swift in Sources */ = {isa = PBXBuildFile; fileRef = C04A59F739F0222CEDB8885F /* CodeHighlighter.swift */; };
		C457C3B6B6A743B7D64EF1FE /* AgentControlsTests.swift in Sources */ = {isa = PBXBuildFile; fileRef = D52EB1E0C99044C5EA937635 /* AgentControlsTests.swift */; };
		C57DD66DBB68DEAA4B849838 /* Events.swift in Sources */ = {isa = PBXBuildFile; fileRef = 3BBCE5382FCDBEC76F3E0884 /* Events.swift */; };
		C68DA4A7E0EA7E8D80BA1CDA /* ServerConfiguration.swift in Sources */ = {isa = PBXBuildFile; fileRef = 8489E32B1B544E45875F735D /* ServerConfiguration.swift */; };
		C9B4CB2784C05A6A6CB1E3EA /* ConversationStore.swift in Sources */ = {isa = PBXBuildFile; fileRef = 0695B7744D91951C5A34E305 /* ConversationStore.swift */; };
		CDA4FBE97FDCE7142D786FE7 /* LunaSurface.swift in Sources */ = {isa = PBXBuildFile; fileRef = F35B1CB79E061E08CB29C3DF /* LunaSurface.swift */; };
		DF2339629C6744C3E694E6D5 /* EventSource.swift in Sources */ = {isa = PBXBuildFile; fileRef = 7B6FD795A42FF1192A72569D /* EventSource.swift */; };
		DF4CCA95E8B781CCC07B864A /* LunaWidgets.swift in Sources */ = {isa = PBXBuildFile; fileRef = 1371E2642AF91DD26B4B5BB7 /* LunaWidgets.swift */; };
		E565027D51984EC95E5ACB47 /* NativeComposerInputs.swift in Sources */ = {isa = PBXBuildFile; fileRef = 07513D9CF7E8AE8D866C482F /* NativeComposerInputs.swift */; };
		EA2B1C71A210199090456930 /* VoiceRecorder.swift in Sources */ = {isa = PBXBuildFile; fileRef = 7361076F67DAD7EF6080ACFE /* VoiceRecorder.swift */; };
		EB1F75E7B6901C06B256ED0E /* PrivacyInfo.xcprivacy in Resources */ = {isa = PBXBuildFile; fileRef = 8DAE61F0C3D58868A23A7F79 /* PrivacyInfo.xcprivacy */; };
		ECFE0E7A759B6EFEFA185537 /* LunaControls.swift in Sources */ = {isa = PBXBuildFile; fileRef = 9561CCFA4B4C5A8F4DA3030D /* LunaControls.swift */; };
		F2136227F163FC7448EAAD28 /* LunaWatchStatusWidget.swift in Sources */ = {isa = PBXBuildFile; fileRef = 3AEDA02EB12B1DEC12CDB063 /* LunaWatchStatusWidget.swift */; };
		F2E236D56FCB80F448B8D4DF /* PrivacyInfo.xcprivacy in Resources */ = {isa = PBXBuildFile; fileRef = 20D38BD211CE005BF08DE098 /* PrivacyInfo.xcprivacy */; };
		F4B98DDA68748E8F38FA9E74 /* Assets.xcassets in Resources */ = {isa = PBXBuildFile; fileRef = 8C77C10BEEA3129002A168D6 /* Assets.xcassets */; };
		FACE1E590A3A54F5629C9529 /* ConversationProjects.swift in Sources */ = {isa = PBXBuildFile; fileRef = C038F07B22DC8671085BCF5D /* ConversationProjects.swift */; };
		FE049D8823F1C86517DAC4B3 /* project-grouping.json in Resources */ = {isa = PBXBuildFile; fileRef = CD9AB1795257D60682E05372 /* project-grouping.json */; };
/* End PBXBuildFile section */

/* Begin PBXContainerItemProxy section */
		0A3101A07353328FAC300FE9 /* PBXContainerItemProxy */ = {
			isa = PBXContainerItemProxy;
			containerPortal = 17A65B085E12EE34B8A63E88 /* Project object */;
			proxyType = 1;
			remoteGlobalIDString = F05E1BF236A9829FBD21CB64;
			remoteInfo = LunaWidgets;
		};
		0ABA54A42C12DEE5B2E5AB11 /* PBXContainerItemProxy */ = {
			isa = PBXContainerItemProxy;
			containerPortal = 17A65B085E12EE34B8A63E88 /* Project object */;
			proxyType = 1;
			remoteGlobalIDString = A34920B9952DE8C8AB616E46;
			remoteInfo = LunaWatchWidgets;
		};
		1742D0172AC004705B85CEA2 /* PBXContainerItemProxy */ = {
			isa = PBXContainerItemProxy;
			containerPortal = 17A65B085E12EE34B8A63E88 /* Project object */;
			proxyType = 1;
			remoteGlobalIDString = EDEBD772AE9343A01D9935A3;
			remoteInfo = Luna;
		};
		1CDE79E6C4487AD11B1E5596 /* PBXContainerItemProxy */ = {
			isa = PBXContainerItemProxy;
			containerPortal = 17A65B085E12EE34B8A63E88 /* Project object */;
			proxyType = 1;
			remoteGlobalIDString = 59C9ADA3ED60F4DD6C8D46A6;
			remoteInfo = LunaWatch;
		};
		6D025E72179260F11FB3DB6D /* PBXContainerItemProxy */ = {
			isa = PBXContainerItemProxy;
			containerPortal = 17A65B085E12EE34B8A63E88 /* Project object */;
			proxyType = 1;
			remoteGlobalIDString = 59C9ADA3ED60F4DD6C8D46A6;
			remoteInfo = LunaWatch;
		};
		BC1046BB5CD7822DCC1A58D2 /* PBXContainerItemProxy */ = {
			isa = PBXContainerItemProxy;
			containerPortal = 17A65B085E12EE34B8A63E88 /* Project object */;
			proxyType = 1;
			remoteGlobalIDString = EDEBD772AE9343A01D9935A3;
			remoteInfo = Luna;
		};
		DA207D3C767A72C3139B569F /* PBXContainerItemProxy */ = {
			isa = PBXContainerItemProxy;
			containerPortal = 17A65B085E12EE34B8A63E88 /* Project object */;
			proxyType = 1;
			remoteGlobalIDString = 59C9ADA3ED60F4DD6C8D46A6;
			remoteInfo = LunaWatch;
		};
/* End PBXContainerItemProxy section */

/* Begin PBXCopyFilesBuildPhase section */
		7A0125B2815B530F1C1A8F8C /* Embed Watch Content */ = {
			isa = PBXCopyFilesBuildPhase;
			buildActionMask = 2147483647;
			dstPath = "$(CONTENTS_FOLDER_PATH)/Watch";
			dstSubfolderSpec = 16;
			files = (
				136EC6551C940EF3D07D8B9C /* LunaWatch.app in Embed Watch Content */,
			);
			name = "Embed Watch Content";
			runOnlyForDeploymentPostprocessing = 0;
		};
		BC0BF3D75CABDCF5338D15E1 /* Embed Foundation Extensions */ = {
			isa = PBXCopyFilesBuildPhase;
			buildActionMask = 2147483647;
			dstPath = "";
			dstSubfolderSpec = 13;
			files = (
				5B7FE1C6748EBD559735CF83 /* LunaWatchWidgets.appex in Embed Foundation Extensions */,
			);
			name = "Embed Foundation Extensions";
			runOnlyForDeploymentPostprocessing = 0;
		};
		C056C5B0A1C37CF562DDA802 /* Embed Foundation Extensions */ = {
			isa = PBXCopyFilesBuildPhase;
			buildActionMask = 2147483647;
			dstPath = "";
			dstSubfolderSpec = 13;
			files = (
				192405372B38032B0EB041A5 /* LunaWidgets.appex in Embed Foundation Extensions */,
			);
			name = "Embed Foundation Extensions";
			runOnlyForDeploymentPostprocessing = 0;
		};
/* End PBXCopyFilesBuildPhase section */

/* Begin PBXFileReference section */
		0115226D947BB6D519EA0EF6 /* PrivacyInfo.xcprivacy */ = {isa = PBXFileReference; path = PrivacyInfo.xcprivacy; sourceTree = "<group>"; };
		0695B7744D91951C5A34E305 /* ConversationStore.swift */ = {isa = PBXFileReference; lastKnownFileType = sourcecode.swift; path = ConversationStore.swift; sourceTree = "<group>"; };
		07513D9CF7E8AE8D866C482F /* NativeComposerInputs.swift */ = {isa = PBXFileReference; lastKnownFileType = sourcecode.swift; path = NativeComposerInputs.swift; sourceTree = "<group>"; };
		0A68162DD0A4DA703F05A031 /* LunaColors.swift */ = {isa = PBXFileReference; lastKnownFileType = sourcecode.swift; name = LunaColors.swift; path = "../../packages/design-tokens/generated/LunaColors.swift"; sourceTree = "<group>"; };
		0EBD08A622DC05B5D6C4BA28 /* RootView.swift */ = {isa = PBXFileReference; lastKnownFileType = sourcecode.swift; path = RootView.swift; sourceTree = "<group>"; };
		10DD83F26A896CBD3D7BB2BC /* Entities.swift */ = {isa = PBXFileReference; lastKnownFileType = sourcecode.swift; path = Entities.swift; sourceTree = "<group>"; };
		1371E2642AF91DD26B4B5BB7 /* LunaWidgets.swift */ = {isa = PBXFileReference; lastKnownFileType = sourcecode.swift; path = LunaWidgets.swift; sourceTree = "<group>"; };
		19DB4F9947491A7E033BA1FA /* AuthenticatedImageLoader.swift */ = {isa = PBXFileReference; lastKnownFileType = sourcecode.swift; path = AuthenticatedImageLoader.swift; sourceTree = "<group>"; };
		1C370C7ADBA88F9E1C17C2E1 /* CredentialStore.swift */ = {isa = PBXFileReference; lastKnownFileType = sourcecode.swift; path = CredentialStore.swift; sourceTree = "<group>"; };
		1C4E86961E12819FF660F840 /* LunaRoute.swift */ = {isa = PBXFileReference; lastKnownFileType = sourcecode.swift; path = LunaRoute.swift; sourceTree = "<group>"; };
		1FBA06C0C3B81E8D0960DAF5 /* AgentControlsView.swift */ = {isa = PBXFileReference; lastKnownFileType = sourcecode.swift; path = AgentControlsView.swift; sourceTree = "<group>"; };
		20D38BD211CE005BF08DE098 /* PrivacyInfo.xcprivacy */ = {isa = PBXFileReference; path = PrivacyInfo.xcprivacy; sourceTree = "<group>"; };
		21AEA6A3038E726F4E543F0D /* Luna.entitlements */ = {isa = PBXFileReference; lastKnownFileType = text.plist.entitlements; path = Luna.entitlements; sourceTree = "<group>"; };
		222CFCA4902A56874DAE3523 /* ConversationProjectTests.swift */ = {isa = PBXFileReference; lastKnownFileType = sourcecode.swift; path = ConversationProjectTests.swift; sourceTree = "<group>"; };
		2D02B47A7E4945E3F685C892 /* PairingTests.swift */ = {isa = PBXFileReference; lastKnownFileType = sourcecode.swift; path = PairingTests.swift; sourceTree = "<group>"; };
		2EB9D6CF8BF32959F10A2920 /* LunaWatchHomeView.swift */ = {isa = PBXFileReference; lastKnownFileType = sourcecode.swift; path = LunaWatchHomeView.swift; sourceTree = "<group>"; };
		2EFBDDA32CABF3FA5402AF50 /* LunaWatchApp.swift */ = {isa = PBXFileReference; lastKnownFileType = sourcecode.swift; path = LunaWatchApp.swift; sourceTree = "<group>"; };
		302CDA3842D14DAA19FB466F /* ConversationStoreTests.swift */ = {isa = PBXFileReference; lastKnownFileType = sourcecode.swift; path = ConversationStoreTests.swift; sourceTree = "<group>"; };
		3299407BD23BA1484448E336 /* MultipartForm.swift */ = {isa = PBXFileReference; lastKnownFileType = sourcecode.swift; path = MultipartForm.swift; sourceTree = "<group>"; };
		37224358526A57AC70F20BA0 /* LunaUITests.swift */ = {isa = PBXFileReference; lastKnownFileType = sourcecode.swift; path = LunaUITests.swift; sourceTree = "<group>"; };
		372E1ADBEE23857F755B87A7 /* Base.xcconfig */ = {isa = PBXFileReference; lastKnownFileType = text.xcconfig; path = Base.xcconfig; sourceTree = "<group>"; };
		39D79A5020F9E11215648BD2 /* LunaTime.swift */ = {isa = PBXFileReference; lastKnownFileType = sourcecode.swift; path = LunaTime.swift; sourceTree = "<group>"; };
		3AEDA02EB12B1DEC12CDB063 /* LunaWatchStatusWidget.swift */ = {isa = PBXFileReference; lastKnownFileType = sourcecode.swift; path = LunaWatchStatusWidget.swift; sourceTree = "<group>"; };
		3BBCE5382FCDBEC76F3E0884 /* Events.swift */ = {isa = PBXFileReference; lastKnownFileType = sourcecode.swift; path = Events.swift; sourceTree = "<group>"; };
		446892BB5B365737EE00315F /* LunaApp.swift */ = {isa = PBXFileReference; lastKnownFileType = sourcecode.swift; path = LunaApp.swift; sourceTree = "<group>"; };
		494275FBF9232216D6DD62DD /* LunaUITests.xctest */ = {isa = PBXFileReference; includeInIndex = 0; lastKnownFileType = wrapper.cfbundle; path = LunaUITests.xctest; sourceTree = BUILT_PRODUCTS_DIR; };
		4FAFADCFD36370FA374DB042 /* PreviewFixtures.swift */ = {isa = PBXFileReference; lastKnownFileType = sourcecode.swift; path = PreviewFixtures.swift; sourceTree = "<group>"; };
		500F918CCAAA34D0F020DA8B /* APIModels.swift */ = {isa = PBXFileReference; lastKnownFileType = sourcecode.swift; path = APIModels.swift; sourceTree = "<group>"; };
		50AF1EC1B60EFEEA69DE151C /* LunaIconButton.swift */ = {isa = PBXFileReference; lastKnownFileType = sourcecode.swift; path = LunaIconButton.swift; sourceTree = "<group>"; };
		55E9D38C4309E382E7B42369 /* LunaWidgets.appex */ = {isa = PBXFileReference; includeInIndex = 0; lastKnownFileType = "wrapper.app-extension"; path = LunaWidgets.appex; sourceTree = BUILT_PRODUCTS_DIR; };
		6182A2AE19BFA87434618CF9 /* LunaWatchTests.swift */ = {isa = PBXFileReference; lastKnownFileType = sourcecode.swift; path = LunaWatchTests.swift; sourceTree = "<group>"; };
		6D0BD429F1A21CC066B7E0C0 /* ConversationComposerView.swift */ = {isa = PBXFileReference; lastKnownFileType = sourcecode.swift; path = ConversationComposerView.swift; sourceTree = "<group>"; };
		7361076F67DAD7EF6080ACFE /* VoiceRecorder.swift */ = {isa = PBXFileReference; lastKnownFileType = sourcecode.swift; path = VoiceRecorder.swift; sourceTree = "<group>"; };
		736E33EAB2B5AA9512E1F8B0 /* AuthenticatedImageView.swift */ = {isa = PBXFileReference; lastKnownFileType = sourcecode.swift; path = AuthenticatedImageView.swift; sourceTree = "<group>"; };
		742807A2B95FB9969E766059 /* LunaWatchWidgets.appex */ = {isa = PBXFileReference; explicitFileType = "wrapper.app-extension"; includeInIndex = 0; path = LunaWatchWidgets.appex; sourceTree = BUILT_PRODUCTS_DIR; };
		7541218330E7B427920F4074 /* ComposerTests.swift */ = {isa = PBXFileReference; lastKnownFileType = sourcecode.swift; path = ComposerTests.swift; sourceTree = "<group>"; };
		7B612F39530B859A2EAACBBF /* LunaWatchUITests.xctest */ = {isa = PBXFileReference; explicitFileType = wrapper.cfbundle; includeInIndex = 0; path = LunaWatchUITests.xctest; sourceTree = BUILT_PRODUCTS_DIR; };
		7B6FD795A42FF1192A72569D /* EventSource.swift */ = {isa = PBXFileReference; lastKnownFileType = sourcecode.swift; path = EventSource.swift; sourceTree = "<group>"; };
		7D2691FB39D98B15A636ACD0 /* LunaContinueWidget.swift */ = {isa = PBXFileReference; lastKnownFileType = sourcecode.swift; path = LunaContinueWidget.swift; sourceTree = "<group>"; };
		8489E32B1B544E45875F735D /* ServerConfiguration.swift */ = {isa = PBXFileReference; lastKnownFileType = sourcecode.swift; path = ServerConfiguration.swift; sourceTree = "<group>"; };
		8C77C10BEEA3129002A168D6 /* Assets.xcassets */ = {isa = PBXFileReference; lastKnownFileType = folder.assetcatalog; path = Assets.xcassets; sourceTree = "<group>"; };
		8DAE61F0C3D58868A23A7F79 /* PrivacyInfo.xcprivacy */ = {isa = PBXFileReference; path = PrivacyInfo.xcprivacy; sourceTree = "<group>"; };
		9561CCFA4B4C5A8F4DA3030D /* LunaControls.swift */ = {isa = PBXFileReference; lastKnownFileType = sourcecode.swift; path = LunaControls.swift; sourceTree = "<group>"; };
		994F478C79239B9A8C3F52C0 /* ConversationState.swift */ = {isa = PBXFileReference; lastKnownFileType = sourcecode.swift; path = ConversationState.swift; sourceTree = "<group>"; };
		A63041E831EF9240CE61F907 /* PrivacyInfo.xcprivacy */ = {isa = PBXFileReference; path = PrivacyInfo.xcprivacy; sourceTree = "<group>"; };
		A63BC4C2BA97762545D5E26D /* LunaIcon.swift */ = {isa = PBXFileReference; lastKnownFileType = sourcecode.swift; path = LunaIcon.swift; sourceTree = "<group>"; };
		ACE6EE1E3B3B745AD07D2E75 /* PairingView.swift */ = {isa = PBXFileReference; lastKnownFileType = sourcecode.swift; path = PairingView.swift; sourceTree = "<group>"; };
		AF07C179E6289F68DAA211AD /* ConversationStateTests.swift */ = {isa = PBXFileReference; lastKnownFileType = sourcecode.swift; path = ConversationStateTests.swift; sourceTree = "<group>"; };
		AF280810D22370DA77BDEC31 /* ConversationSidebar.swift */ = {isa = PBXFileReference; lastKnownFileType = sourcecode.swift; path = ConversationSidebar.swift; sourceTree = "<group>"; };
		B08A9684DECB4871EE3082F2 /* LunaWatchTests.xctest */ = {isa = PBXFileReference; explicitFileType = wrapper.cfbundle; includeInIndex = 0; path = LunaWatchTests.xctest; sourceTree = BUILT_PRODUCTS_DIR; };
		BB5BE7E52636B4529580B80B /* ConversationTranscriptView.swift */ = {isa = PBXFileReference; lastKnownFileType = sourcecode.swift; path = ConversationTranscriptView.swift; sourceTree = "<group>"; };
		BDF59CED60218ECEC6977138 /* LunaTests.swift */ = {isa = PBXFileReference; lastKnownFileType = sourcecode.swift; path = LunaTests.swift; sourceTree = "<group>"; };
		C038F07B22DC8671085BCF5D /* ConversationProjects.swift */ = {isa = PBXFileReference; lastKnownFileType = sourcecode.swift; path = ConversationProjects.swift; sourceTree = "<group>"; };
		C04A59F739F0222CEDB8885F /* CodeHighlighter.swift */ = {isa = PBXFileReference; lastKnownFileType = sourcecode.swift; path = CodeHighlighter.swift; sourceTree = "<group>"; };
		C207A2B06080F0309E8742D8 /* Info.plist */ = {isa = PBXFileReference; lastKnownFileType = text.plist; path = Info.plist; sourceTree = "<group>"; };
		CD9AB1795257D60682E05372 /* project-grouping.json */ = {isa = PBXFileReference; lastKnownFileType = text.json; path = "project-grouping.json"; sourceTree = "<group>"; };
		CE46F5770EBA392116759178 /* LunaWatchWidgets.swift */ = {isa = PBXFileReference; lastKnownFileType = sourcecode.swift; path = LunaWatchWidgets.swift; sourceTree = "<group>"; };
		D399E4DA6B951325F78CD25C /* Luna.app */ = {isa = PBXFileReference; includeInIndex = 0; lastKnownFileType = wrapper.application; path = Luna.app; sourceTree = BUILT_PRODUCTS_DIR; };
		D52EB1E0C99044C5EA937635 /* AgentControlsTests.swift */ = {isa = PBXFileReference; lastKnownFileType = sourcecode.swift; path = AgentControlsTests.swift; sourceTree = "<group>"; };
		D57DA3D0C9E7F119F8B76BDD /* MarkdownDocument.swift */ = {isa = PBXFileReference; lastKnownFileType = sourcecode.swift; path = MarkdownDocument.swift; sourceTree = "<group>"; };
		D7E74A437020C38E3448B41E /* ConversationShellView.swift */ = {isa = PBXFileReference; lastKnownFileType = sourcecode.swift; path = ConversationShellView.swift; sourceTree = "<group>"; };
		D800357345CADB742046B83B /* LunaTimeTests.swift */ = {isa = PBXFileReference; lastKnownFileType = sourcecode.swift; path = LunaTimeTests.swift; sourceTree = "<group>"; };
		D8FBE0D0B195535D34251B98 /* LunaWatchUITests.swift */ = {isa = PBXFileReference; lastKnownFileType = sourcecode.swift; path = LunaWatchUITests.swift; sourceTree = "<group>"; };
		D9BE9D9ED57041FAB2589F3D /* APIClient.swift */ = {isa = PBXFileReference; lastKnownFileType = sourcecode.swift; path = APIClient.swift; sourceTree = "<group>"; };
		E239F62A1C9244159CFDE4A6 /* LunaTests.xctest */ = {isa = PBXFileReference; includeInIndex = 0; lastKnownFileType = wrapper.cfbundle; path = LunaTests.xctest; sourceTree = BUILT_PRODUCTS_DIR; };
		E33D93670D8849CD3E1276AE /* LunaRouteTests.swift */ = {isa = PBXFileReference; lastKnownFileType = sourcecode.swift; path = LunaRouteTests.swift; sourceTree = "<group>"; };
		E556359BF68F1642E3BA0FA5 /* AppModel.swift */ = {isa = PBXFileReference; lastKnownFileType = sourcecode.swift; path = AppModel.swift; sourceTree = "<group>"; };
		E615B4F62478DD81610EC904 /* MarkdownView.swift */ = {isa = PBXFileReference; lastKnownFileType = sourcecode.swift; path = MarkdownView.swift; sourceTree = "<group>"; };
		E96B7E7A06DF89787C80559D /* Assets.xcassets */ = {isa = PBXFileReference; lastKnownFileType = folder.assetcatalog; path = Assets.xcassets; sourceTree = "<group>"; };
		E9A36CC818E30F432A856BF7 /* MarkdownTests.swift */ = {isa = PBXFileReference; lastKnownFileType = sourcecode.swift; path = MarkdownTests.swift; sourceTree = "<group>"; };
		ECFD1B295E68E217F4E87326 /* LunaTheme.swift */ = {isa = PBXFileReference; lastKnownFileType = sourcecode.swift; path = LunaTheme.swift; sourceTree = "<group>"; };
		F35B1CB79E061E08CB29C3DF /* LunaSurface.swift */ = {isa = PBXFileReference; lastKnownFileType = sourcecode.swift; path = LunaSurface.swift; sourceTree = "<group>"; };
		F65C6B3ABF9AC0E142BCDC55 /* NetworkingTests.swift */ = {isa = PBXFileReference; lastKnownFileType = sourcecode.swift; path = NetworkingTests.swift; sourceTree = "<group>"; };
		F77EA033D26FA403D3E29B40 /* ComposerDraft.swift */ = {isa = PBXFileReference; lastKnownFileType = sourcecode.swift; path = ComposerDraft.swift; sourceTree = "<group>"; };
		F923379C216B30833E06A3D7 /* LunaWatch.app */ = {isa = PBXFileReference; explicitFileType = wrapper.application; includeInIndex = 0; path = LunaWatch.app; sourceTree = BUILT_PRODUCTS_DIR; };
		FB0A80C2D2C9CD3BC17BF432 /* ProtocolTests.swift */ = {isa = PBXFileReference; lastKnownFileType = sourcecode.swift; path = ProtocolTests.swift; sourceTree = "<group>"; };
/* End PBXFileReference section */

/* Begin PBXGroup section */
		04AC21A46B44E55C114F6EF0 /* LunaWatchUITests */ = {
			isa = PBXGroup;
			children = (
				D8FBE0D0B195535D34251B98 /* LunaWatchUITests.swift */,
			);
			path = LunaWatchUITests;
			sourceTree = "<group>";
		};
		0E258EAC185F83A209546F0A /* Products */ = {
			isa = PBXGroup;
			children = (
				D399E4DA6B951325F78CD25C /* Luna.app */,
				E239F62A1C9244159CFDE4A6 /* LunaTests.xctest */,
				494275FBF9232216D6DD62DD /* LunaUITests.xctest */,
				F923379C216B30833E06A3D7 /* LunaWatch.app */,
				B08A9684DECB4871EE3082F2 /* LunaWatchTests.xctest */,
				7B612F39530B859A2EAACBBF /* LunaWatchUITests.xctest */,
				742807A2B95FB9969E766059 /* LunaWatchWidgets.appex */,
				55E9D38C4309E382E7B42369 /* LunaWidgets.appex */,
			);
			name = Products;
			sourceTree = "<group>";
		};
		0E45821296C5093A41DB9EA0 /* Pairing */ = {
			isa = PBXGroup;
			children = (
				ACE6EE1E3B3B745AD07D2E75 /* PairingView.swift */,
			);
			path = Pairing;
			sourceTree = "<group>";
		};
		12971DFAF428E4EFE9F84F7E /* Resources */ = {
			isa = PBXGroup;
			children = (
				8C77C10BEEA3129002A168D6 /* Assets.xcassets */,
				C207A2B06080F0309E8742D8 /* Info.plist */,
				21AEA6A3038E726F4E543F0D /* Luna.entitlements */,
				0115226D947BB6D519EA0EF6 /* PrivacyInfo.xcprivacy */,
			);
			path = Resources;
			sourceTree = "<group>";
		};
		15BE4A8BFAC562FD704CF0E9 /* Persistence */ = {
			isa = PBXGroup;
			children = (
				1C370C7ADBA88F9E1C17C2E1 /* CredentialStore.swift */,
			);
			path = Persistence;
			sourceTree = "<group>";
		};
		16F60E55C4ED3B866059AC6D /* fixtures */ = {
			isa = PBXGroup;
			children = (
				CD9AB1795257D60682E05372 /* project-grouping.json */,
			);
			name = fixtures;
			path = ../../packages/protocol/tests/fixtures;
			sourceTree = "<group>";
		};
		1A3736DE50E14A58C871E960 /* LunaWatchTests */ = {
			isa = PBXGroup;
			children = (
				6182A2AE19BFA87434618CF9 /* LunaWatchTests.swift */,
			);
			path = LunaWatchTests;
			sourceTree = "<group>";
		};
		24173FDC55FCE192977D2E1A /* Features */ = {
			isa = PBXGroup;
			children = (
				CCA42FEFD53B34FE0CB00B72 /* Agent */,
				BE5A8A5D9343D415539C3AD8 /* Composer */,
				9BD8E5D0EE36D15B4983E639 /* Conversations */,
				0E45821296C5093A41DB9EA0 /* Pairing */,
				FA3179E92ACF1637BD27B8BC /* Transcript */,
			);
			path = Features;
			sourceTree = "<group>";
		};
		2F0B3E06209EE85B5D06292B /* Config */ = {
			isa = PBXGroup;
			children = (
				372E1ADBEE23857F755B87A7 /* Base.xcconfig */,
			);
			path = Config;
			sourceTree = "<group>";
		};
		3A60780BBB98E1FBED38BF9B /* LunaWatch */ = {
			isa = PBXGroup;
			children = (
				C9508A0F1F880C7E5892D091 /* Resources */,
				2EFBDDA32CABF3FA5402AF50 /* LunaWatchApp.swift */,
				2EB9D6CF8BF32959F10A2920 /* LunaWatchHomeView.swift */,
				8DAE61F0C3D58868A23A7F79 /* PrivacyInfo.xcprivacy */,
			);
			path = LunaWatch;
			sourceTree = "<group>";
		};
		3B27887B5DC4CF7093A67CA8 /* App */ = {
			isa = PBXGroup;
			children = (
				E556359BF68F1642E3BA0FA5 /* AppModel.swift */,
				446892BB5B365737EE00315F /* LunaApp.swift */,
				1C4E86961E12819FF660F840 /* LunaRoute.swift */,
				4FAFADCFD36370FA374DB042 /* PreviewFixtures.swift */,
				0EBD08A622DC05B5D6C4BA28 /* RootView.swift */,
				8489E32B1B544E45875F735D /* ServerConfiguration.swift */,
			);
			path = App;
			sourceTree = "<group>";
		};
		561DF00A51072B22238E0036 /* LunaTests */ = {
			isa = PBXGroup;
			children = (
				D52EB1E0C99044C5EA937635 /* AgentControlsTests.swift */,
				7541218330E7B427920F4074 /* ComposerTests.swift */,
				222CFCA4902A56874DAE3523 /* ConversationProjectTests.swift */,
				AF07C179E6289F68DAA211AD /* ConversationStateTests.swift */,
				302CDA3842D14DAA19FB466F /* ConversationStoreTests.swift */,
				E33D93670D8849CD3E1276AE /* LunaRouteTests.swift */,
				BDF59CED60218ECEC6977138 /* LunaTests.swift */,
				D800357345CADB742046B83B /* LunaTimeTests.swift */,
				E9A36CC818E30F432A856BF7 /* MarkdownTests.swift */,
				F65C6B3ABF9AC0E142BCDC55 /* NetworkingTests.swift */,
				2D02B47A7E4945E3F685C892 /* PairingTests.swift */,
				FB0A80C2D2C9CD3BC17BF432 /* ProtocolTests.swift */,
			);
			path = LunaTests;
			sourceTree = "<group>";
		};
		6BFBF1080F741AFEAF1A08B7 /* Shared */ = {
			isa = PBXGroup;
			children = (
				FC4C763FEE21B5F16F0D0345 /* DesignSystem */,
			);
			name = Shared;
			sourceTree = "<group>";
		};
		9993F51BD6D6D55688C3B5A9 /* LunaWidgets */ = {
			isa = PBXGroup;
			children = (
				7D2691FB39D98B15A636ACD0 /* LunaContinueWidget.swift */,
				1371E2642AF91DD26B4B5BB7 /* LunaWidgets.swift */,
				A63041E831EF9240CE61F907 /* PrivacyInfo.xcprivacy */,
			);
			path = LunaWidgets;
			sourceTree = "<group>";
		};
		9BD8E5D0EE36D15B4983E639 /* Conversations */ = {
			isa = PBXGroup;
			children = (
				C038F07B22DC8671085BCF5D /* ConversationProjects.swift */,
				D7E74A437020C38E3448B41E /* ConversationShellView.swift */,
				AF280810D22370DA77BDEC31 /* ConversationSidebar.swift */,
			);
			path = Conversations;
			sourceTree = "<group>";
		};
		9D8E91BF2481FEE4DE33F5E2 /* LunaUITests */ = {
			isa = PBXGroup;
			children = (
				37224358526A57AC70F20BA0 /* LunaUITests.swift */,
			);
			path = LunaUITests;
			sourceTree = "<group>";
		};
		9E8C455FC2E13DAAEF9E9550 /* Networking */ = {
			isa = PBXGroup;
			children = (
				D9BE9D9ED57041FAB2589F3D /* APIClient.swift */,
				19DB4F9947491A7E033BA1FA /* AuthenticatedImageLoader.swift */,
				7B6FD795A42FF1192A72569D /* EventSource.swift */,
				3299407BD23BA1484448E336 /* MultipartForm.swift */,
			);
			path = Networking;
			sourceTree = "<group>";
		};
		B568C02913FCB1ABE5F96CFB /* LunaWatchWidgets */ = {
			isa = PBXGroup;
			children = (
				3AEDA02EB12B1DEC12CDB063 /* LunaWatchStatusWidget.swift */,
				CE46F5770EBA392116759178 /* LunaWatchWidgets.swift */,
				20D38BD211CE005BF08DE098 /* PrivacyInfo.xcprivacy */,
			);
			path = LunaWatchWidgets;
			sourceTree = "<group>";
		};
		BABF96DFF130B697722836E9 /* Generated */ = {
			isa = PBXGroup;
			children = (
				0A68162DD0A4DA703F05A031 /* LunaColors.swift */,
			);
			name = Generated;
			sourceTree = "<group>";
		};
		BCE224A24DD6FDE472019650 = {
			isa = PBXGroup;
			children = (
				2F0B3E06209EE85B5D06292B /* Config */,
				16F60E55C4ED3B866059AC6D /* fixtures */,
				CD6164EF533913AF3497943F /* Luna */,
				561DF00A51072B22238E0036 /* LunaTests */,
				9D8E91BF2481FEE4DE33F5E2 /* LunaUITests */,
				3A60780BBB98E1FBED38BF9B /* LunaWatch */,
				1A3736DE50E14A58C871E960 /* LunaWatchTests */,
				04AC21A46B44E55C114F6EF0 /* LunaWatchUITests */,
				B568C02913FCB1ABE5F96CFB /* LunaWatchWidgets */,
				9993F51BD6D6D55688C3B5A9 /* LunaWidgets */,
				6BFBF1080F741AFEAF1A08B7 /* Shared */,
				0E258EAC185F83A209546F0A /* Products */,
			);
			sourceTree = "<group>";
		};
		BE5A8A5D9343D415539C3AD8 /* Composer */ = {
			isa = PBXGroup;
			children = (
				F77EA033D26FA403D3E29B40 /* ComposerDraft.swift */,
				6D0BD429F1A21CC066B7E0C0 /* ConversationComposerView.swift */,
				07513D9CF7E8AE8D866C482F /* NativeComposerInputs.swift */,
				7361076F67DAD7EF6080ACFE /* VoiceRecorder.swift */,
			);
			path = Composer;
			sourceTree = "<group>";
		};
		C3BC8C717F081C2E00C316BF /* State */ = {
			isa = PBXGroup;
			children = (
				994F478C79239B9A8C3F52C0 /* ConversationState.swift */,
				0695B7744D91951C5A34E305 /* ConversationStore.swift */,
			);
			path = State;
			sourceTree = "<group>";
		};
		C9508A0F1F880C7E5892D091 /* Resources */ = {
			isa = PBXGroup;
			children = (
				E96B7E7A06DF89787C80559D /* Assets.xcassets */,
			);
			path = Resources;
			sourceTree = "<group>";
		};
		CCA42FEFD53B34FE0CB00B72 /* Agent */ = {
			isa = PBXGroup;
			children = (
				1FBA06C0C3B81E8D0960DAF5 /* AgentControlsView.swift */,
			);
			path = Agent;
			sourceTree = "<group>";
		};
		CD6164EF533913AF3497943F /* Luna */ = {
			isa = PBXGroup;
			children = (
				3B27887B5DC4CF7093A67CA8 /* App */,
				FE75757541EB4AB9E009A5DE /* DesignSystem */,
				24173FDC55FCE192977D2E1A /* Features */,
				9E8C455FC2E13DAAEF9E9550 /* Networking */,
				15BE4A8BFAC562FD704CF0E9 /* Persistence */,
				E756513B71C6D3794F7C07C9 /* Protocol */,
				12971DFAF428E4EFE9F84F7E /* Resources */,
				C3BC8C717F081C2E00C316BF /* State */,
			);
			path = Luna;
			sourceTree = "<group>";
		};
		E756513B71C6D3794F7C07C9 /* Protocol */ = {
			isa = PBXGroup;
			children = (
				500F918CCAAA34D0F020DA8B /* APIModels.swift */,
				10DD83F26A896CBD3D7BB2BC /* Entities.swift */,
				3BBCE5382FCDBEC76F3E0884 /* Events.swift */,
			);
			path = Protocol;
			sourceTree = "<group>";
		};
		FA3179E92ACF1637BD27B8BC /* Transcript */ = {
			isa = PBXGroup;
			children = (
				C04A59F739F0222CEDB8885F /* CodeHighlighter.swift */,
				BB5BE7E52636B4529580B80B /* ConversationTranscriptView.swift */,
				D57DA3D0C9E7F119F8B76BDD /* MarkdownDocument.swift */,
				E615B4F62478DD81610EC904 /* MarkdownView.swift */,
			);
			path = Transcript;
			sourceTree = "<group>";
		};
		FC4C763FEE21B5F16F0D0345 /* DesignSystem */ = {
			isa = PBXGroup;
			children = (
				BABF96DFF130B697722836E9 /* Generated */,
			);
			name = DesignSystem;
			sourceTree = "<group>";
		};
		FE75757541EB4AB9E009A5DE /* DesignSystem */ = {
			isa = PBXGroup;
			children = (
				736E33EAB2B5AA9512E1F8B0 /* AuthenticatedImageView.swift */,
				9561CCFA4B4C5A8F4DA3030D /* LunaControls.swift */,
				A63BC4C2BA97762545D5E26D /* LunaIcon.swift */,
				50AF1EC1B60EFEEA69DE151C /* LunaIconButton.swift */,
				F35B1CB79E061E08CB29C3DF /* LunaSurface.swift */,
				ECFD1B295E68E217F4E87326 /* LunaTheme.swift */,
				39D79A5020F9E11215648BD2 /* LunaTime.swift */,
			);
			path = DesignSystem;
			sourceTree = "<group>";
		};
/* End PBXGroup section */

/* Begin PBXNativeTarget section */
		488F45A5C5F4C0FD25342146 /* LunaWatchUITests */ = {
			isa = PBXNativeTarget;
			buildConfigurationList = 3C3A865CC4E27571C13BA4E8 /* Build configuration list for PBXNativeTarget "LunaWatchUITests" */;
			buildPhases = (
				B5A05DCC5BCD7CEFAB331AC9 /* Sources */,
			);
			buildRules = (
			);
			dependencies = (
				19C7F375A0162F62A52FA66B /* PBXTargetDependency */,
			);
			name = LunaWatchUITests;
			packageProductDependencies = (
			);
			productName = LunaWatchUITests;
			productReference = 7B612F39530B859A2EAACBBF /* LunaWatchUITests.xctest */;
			productType = "com.apple.product-type.bundle.ui-testing";
		};
		59C9ADA3ED60F4DD6C8D46A6 /* LunaWatch */ = {
			isa = PBXNativeTarget;
			buildConfigurationList = 67AD3055BB622ADEB25AA922 /* Build configuration list for PBXNativeTarget "LunaWatch" */;
			buildPhases = (
				0074B6BD851D79A617631EFB /* Sources */,
				8742B54A434EBC71DB1186CB /* Resources */,
				BC0BF3D75CABDCF5338D15E1 /* Embed Foundation Extensions */,
			);
			buildRules = (
			);
			dependencies = (
				13470BD7DF4D3C38800D1079 /* PBXTargetDependency */,
			);
			name = LunaWatch;
			packageProductDependencies = (
			);
			productName = LunaWatch;
			productReference = F923379C216B30833E06A3D7 /* LunaWatch.app */;
			productType = "com.apple.product-type.application";
		};
		6097A6542593C1955CC546D4 /* LunaUITests */ = {
			isa = PBXNativeTarget;
			buildConfigurationList = 78C6B562A9FE46C0BE6F07AF /* Build configuration list for PBXNativeTarget "LunaUITests" */;
			buildPhases = (
				5F9BF8DE002A5A64C7C2493D /* Sources */,
			);
			buildRules = (
			);
			dependencies = (
				42A7489F311C535D18A0F9C4 /* PBXTargetDependency */,
			);
			name = LunaUITests;
			packageProductDependencies = (
			);
			productName = LunaUITests;
			productReference = 494275FBF9232216D6DD62DD /* LunaUITests.xctest */;
			productType = "com.apple.product-type.bundle.ui-testing";
		};
		975C31D17CA2F12EFDECA012 /* LunaWatchTests */ = {
			isa = PBXNativeTarget;
			buildConfigurationList = 56A2F75260C90F3E52F85966 /* Build configuration list for PBXNativeTarget "LunaWatchTests" */;
			buildPhases = (
				EA4D6A01702B7EA5D8D413B5 /* Sources */,
			);
			buildRules = (
			);
			dependencies = (
				9217A289E048FBF835D68564 /* PBXTargetDependency */,
			);
			name = LunaWatchTests;
			packageProductDependencies = (
			);
			productName = LunaWatchTests;
			productReference = B08A9684DECB4871EE3082F2 /* LunaWatchTests.xctest */;
			productType = "com.apple.product-type.bundle.unit-test";
		};
		A34920B9952DE8C8AB616E46 /* LunaWatchWidgets */ = {
			isa = PBXNativeTarget;
			buildConfigurationList = 0B4D019B73BA52F3F9179FE0 /* Build configuration list for PBXNativeTarget "LunaWatchWidgets" */;
			buildPhases = (
				09D072E13AF5A66B417A3A2A /* Sources */,
				4A2ABC45C4892A4E7D2903AF /* Resources */,
			);
			buildRules = (
			);
			dependencies = (
			);
			name = LunaWatchWidgets;
			packageProductDependencies = (
			);
			productName = LunaWatchWidgets;
			productReference = 742807A2B95FB9969E766059 /* LunaWatchWidgets.appex */;
			productType = "com.apple.product-type.app-extension";
		};
		E154FFDE9FAFF378939D603A /* LunaTests */ = {
			isa = PBXNativeTarget;
			buildConfigurationList = 85A80063A5A7EEAFAAE82D51 /* Build configuration list for PBXNativeTarget "LunaTests" */;
			buildPhases = (
				24D1A99036E659B4F039B354 /* Sources */,
				301DE56105EBEC651BB5B23A /* Resources */,
			);
			buildRules = (
			);
			dependencies = (
				C49B75F65F687A93FFD896F7 /* PBXTargetDependency */,
			);
			name = LunaTests;
			packageProductDependencies = (
			);
			productName = LunaTests;
			productReference = E239F62A1C9244159CFDE4A6 /* LunaTests.xctest */;
			productType = "com.apple.product-type.bundle.unit-test";
		};
		EDEBD772AE9343A01D9935A3 /* Luna */ = {
			isa = PBXNativeTarget;
			buildConfigurationList = 402FB2144CA133517A0F616E /* Build configuration list for PBXNativeTarget "Luna" */;
			buildPhases = (
				52D303B0782F30C5862FA0FC /* Sources */,
				D18FBD20BFCC381C6C6B544C /* Resources */,
				C056C5B0A1C37CF562DDA802 /* Embed Foundation Extensions */,
				7A0125B2815B530F1C1A8F8C /* Embed Watch Content */,
			);
			buildRules = (
			);
			dependencies = (
				F37ECD333773F032F7D70CD5 /* PBXTargetDependency */,
				A55A97039D868182E4B108C6 /* PBXTargetDependency */,
			);
			name = Luna;
			packageProductDependencies = (
			);
			productName = Luna;
			productReference = D399E4DA6B951325F78CD25C /* Luna.app */;
			productType = "com.apple.product-type.application";
		};
		F05E1BF236A9829FBD21CB64 /* LunaWidgets */ = {
			isa = PBXNativeTarget;
			buildConfigurationList = 81E1B1FDAB3D46EC602BBCB0 /* Build configuration list for PBXNativeTarget "LunaWidgets" */;
			buildPhases = (
				88FBF709E63CBE44288522E9 /* Sources */,
				0922C510203935E68E44BAC0 /* Resources */,
			);
			buildRules = (
			);
			dependencies = (
			);
			name = LunaWidgets;
			packageProductDependencies = (
			);
			productName = LunaWidgets;
			productReference = 55E9D38C4309E382E7B42369 /* LunaWidgets.appex */;
			productType = "com.apple.product-type.app-extension";
		};
/* End PBXNativeTarget section */

/* Begin PBXProject section */
		17A65B085E12EE34B8A63E88 /* Project object */ = {
			isa = PBXProject;
			attributes = {
				BuildIndependentTargetsInParallel = YES;
				LastUpgradeCheck = 1430;
				TargetAttributes = {
					488F45A5C5F4C0FD25342146 = {
						ProvisioningStyle = Automatic;
						TestTargetID = 59C9ADA3ED60F4DD6C8D46A6;
					};
					6097A6542593C1955CC546D4 = {
						ProvisioningStyle = Automatic;
						TestTargetID = EDEBD772AE9343A01D9935A3;
					};
					975C31D17CA2F12EFDECA012 = {
						ProvisioningStyle = Automatic;
					};
					E154FFDE9FAFF378939D603A = {
						ProvisioningStyle = Automatic;
					};
					EDEBD772AE9343A01D9935A3 = {
						SystemCapabilities = "[\"com.apple.Push\": [\"enabled\": 1]]";
					};
				};
			};
			buildConfigurationList = 9C7285D4C14B8A8DF926CBB7 /* Build configuration list for PBXProject "Luna" */;
			developmentRegion = en;
			hasScannedForEncodings = 0;
			knownRegions = (
				Base,
				en,
			);
			mainGroup = BCE224A24DD6FDE472019650;
			minimizedProjectReferenceProxies = 1;
			preferredProjectObjectVersion = 77;
			productRefGroup = 0E258EAC185F83A209546F0A /* Products */;
			projectDirPath = "";
			projectRoot = "";
			targets = (
				EDEBD772AE9343A01D9935A3 /* Luna */,
				E154FFDE9FAFF378939D603A /* LunaTests */,
				6097A6542593C1955CC546D4 /* LunaUITests */,
				59C9ADA3ED60F4DD6C8D46A6 /* LunaWatch */,
				975C31D17CA2F12EFDECA012 /* LunaWatchTests */,
				488F45A5C5F4C0FD25342146 /* LunaWatchUITests */,
				A34920B9952DE8C8AB616E46 /* LunaWatchWidgets */,
				F05E1BF236A9829FBD21CB64 /* LunaWidgets */,
			);
		};
/* End PBXProject section */

/* Begin PBXResourcesBuildPhase section */
		0922C510203935E68E44BAC0 /* Resources */ = {
			isa = PBXResourcesBuildPhase;
			buildActionMask = 2147483647;
			files = (
				468B9F13174914AE84E432A1 /* PrivacyInfo.xcprivacy in Resources */,
			);
			runOnlyForDeploymentPostprocessing = 0;
		};
		301DE56105EBEC651BB5B23A /* Resources */ = {
			isa = PBXResourcesBuildPhase;
			buildActionMask = 2147483647;
			files = (
				FE049D8823F1C86517DAC4B3 /* project-grouping.json in Resources */,
			);
			runOnlyForDeploymentPostprocessing = 0;
		};
		4A2ABC45C4892A4E7D2903AF /* Resources */ = {
			isa = PBXResourcesBuildPhase;
			buildActionMask = 2147483647;
			files = (
				F2E236D56FCB80F448B8D4DF /* PrivacyInfo.xcprivacy in Resources */,
			);
			runOnlyForDeploymentPostprocessing = 0;
		};
		8742B54A434EBC71DB1186CB /* Resources */ = {
			isa = PBXResourcesBuildPhase;
			buildActionMask = 2147483647;
			files = (
				15B46187F8C8BD0A4EE86CFC /* Assets.xcassets in Resources */,
				EB1F75E7B6901C06B256ED0E /* PrivacyInfo.xcprivacy in Resources */,
			);
			runOnlyForDeploymentPostprocessing = 0;
		};
		D18FBD20BFCC381C6C6B544C /* Resources */ = {
			isa = PBXResourcesBuildPhase;
			buildActionMask = 2147483647;
			files = (
				F4B98DDA68748E8F38FA9E74 /* Assets.xcassets in Resources */,
				8484D71F46A61DF8FC6E8E0E /* PrivacyInfo.xcprivacy in Resources */,
			);
			runOnlyForDeploymentPostprocessing = 0;
		};
/* End PBXResourcesBuildPhase section */

/* Begin PBXSourcesBuildPhase section */
		0074B6BD851D79A617631EFB /* Sources */ = {
			isa = PBXSourcesBuildPhase;
			buildActionMask = 2147483647;
			files = (
				960D617D2DD0D4E429DB97EB /* LunaColors.swift in Sources */,
				A58E3C292E2426AEF670B6D4 /* LunaWatchApp.swift in Sources */,
				35ED7821BC15259781BA8F87 /* LunaWatchHomeView.swift in Sources */,
			);
			runOnlyForDeploymentPostprocessing = 0;
		};
		09D072E13AF5A66B417A3A2A /* Sources */ = {
			isa = PBXSourcesBuildPhase;
			buildActionMask = 2147483647;
			files = (
				F2136227F163FC7448EAAD28 /* LunaWatchStatusWidget.swift in Sources */,
				1EDBABC3AF8F07E011EA4672 /* LunaWatchWidgets.swift in Sources */,
			);
			runOnlyForDeploymentPostprocessing = 0;
		};
		24D1A99036E659B4F039B354 /* Sources */ = {
			isa = PBXSourcesBuildPhase;
			buildActionMask = 2147483647;
			files = (
				C457C3B6B6A743B7D64EF1FE /* AgentControlsTests.swift in Sources */,
				9FC002CF6EAE2CE8DA87219A /* ComposerTests.swift in Sources */,
				ADAA261DA97E6083EF38B36F /* ConversationProjectTests.swift in Sources */,
				C145F46484E61AF629AD4AD9 /* ConversationStateTests.swift in Sources */,
				A0C4F0AE302272715C926DB9 /* ConversationStoreTests.swift in Sources */,
				051F82E015B5FF2FE6AFDE26 /* LunaRouteTests.swift in Sources */,
				0BA4C4EF3498F60D61A34FE0 /* LunaTests.swift in Sources */,
				60A4B863CF7D50182AF219DF /* LunaTimeTests.swift in Sources */,
				79FB38B90A7B1F45FBB430B1 /* MarkdownTests.swift in Sources */,
				B9DD7592B8189322F409309D /* NetworkingTests.swift in Sources */,
				3DAE34D4A6DDAB4EE0140C5E /* PairingTests.swift in Sources */,
				93FFE8FCDE8C11B7895E2171 /* ProtocolTests.swift in Sources */,
			);
			runOnlyForDeploymentPostprocessing = 0;
		};
		52D303B0782F30C5862FA0FC /* Sources */ = {
			isa = PBXSourcesBuildPhase;
			buildActionMask = 2147483647;
			files = (
				703E3FA4F4A88D1F5BC6F6A9 /* APIClient.swift in Sources */,
				A0C990BCDF369F55ABBF2A4F /* APIModels.swift in Sources */,
				155FCF274D69E02401F3A457 /* AgentControlsView.swift in Sources */,
				7BBF6590B1B934FAFDA8BC84 /* AppModel.swift in Sources */,
				746DEBCC2CBCC91F89751784 /* AuthenticatedImageLoader.swift in Sources */,
				8D5EC7878405F2CDC13AF4DB /* AuthenticatedImageView.swift in Sources */,
				C2F36A2D4F3DA6AED2E85243 /* CodeHighlighter.swift in Sources */,
				1E319A77692B7DED7BEE0402 /* ComposerDraft.swift in Sources */,
				A50707F0A0C4C4C9C011EFFB /* ConversationComposerView.swift in Sources */,
				FACE1E590A3A54F5629C9529 /* ConversationProjects.swift in Sources */,
				55B9BB28E50143DAD4976951 /* ConversationShellView.swift in Sources */,
				08A524A97215FE0EEFE4FEB9 /* ConversationSidebar.swift in Sources */,
				AA1951FBBA7C1FD2541913D4 /* ConversationState.swift in Sources */,
				C9B4CB2784C05A6A6CB1E3EA /* ConversationStore.swift in Sources */,
				A16D7BCEDFD1741F1FFEE6A4 /* ConversationTranscriptView.swift in Sources */,
				63C5177BA73E69FF55428E90 /* CredentialStore.swift in Sources */,
				2B50F0AC09DE2B8DFF663CEB /* Entities.swift in Sources */,
				DF2339629C6744C3E694E6D5 /* EventSource.swift in Sources */,
				C57DD66DBB68DEAA4B849838 /* Events.swift in Sources */,
				5024609EE38307661CBC945C /* LunaApp.swift in Sources */,
				A06208D9EF460CCF925333D1 /* LunaColors.swift in Sources */,
				ECFE0E7A759B6EFEFA185537 /* LunaControls.swift in Sources */,
				AD3445321C1D0415A74992A7 /* LunaIcon.swift in Sources */,
				1BC36092F2B3D81B85ADD779 /* LunaIconButton.swift in Sources */,
				660DADFB2FB33F3B7EB18E89 /* LunaRoute.swift in Sources */,
				CDA4FBE97FDCE7142D786FE7 /* LunaSurface.swift in Sources */,
				8A551BB80F78B6EB3575F6E2 /* LunaTheme.swift in Sources */,
				1B8224EAE0A4611AF5D043FA /* LunaTime.swift in Sources */,
				02524708F5CAA639246EC2A4 /* MarkdownDocument.swift in Sources */,
				8FD54FEB77B276E4D3A0302B /* MarkdownView.swift in Sources */,
				17C99E4C508FB16C3508A883 /* MultipartForm.swift in Sources */,
				E565027D51984EC95E5ACB47 /* NativeComposerInputs.swift in Sources */,
				45DB3855FB7B9F2F63A94E4B /* PairingView.swift in Sources */,
				C07AD33770DB2AAE5E586782 /* PreviewFixtures.swift in Sources */,
				3EA48570E5A5D7725E448D37 /* RootView.swift in Sources */,
				C68DA4A7E0EA7E8D80BA1CDA /* ServerConfiguration.swift in Sources */,
				EA2B1C71A210199090456930 /* VoiceRecorder.swift in Sources */,
			);
			runOnlyForDeploymentPostprocessing = 0;
		};
		5F9BF8DE002A5A64C7C2493D /* Sources */ = {
			isa = PBXSourcesBuildPhase;
			buildActionMask = 2147483647;
			files = (
				009C4FA87B69845E549718C2 /* LunaUITests.swift in Sources */,
			);
			runOnlyForDeploymentPostprocessing = 0;
		};
		88FBF709E63CBE44288522E9 /* Sources */ = {
			isa = PBXSourcesBuildPhase;
			buildActionMask = 2147483647;
			files = (
				ABA8D6972EE584D148484EDF /* LunaColors.swift in Sources */,
				302F12F9BD2E38F06E293C61 /* LunaContinueWidget.swift in Sources */,
				DF4CCA95E8B781CCC07B864A /* LunaWidgets.swift in Sources */,
			);
			runOnlyForDeploymentPostprocessing = 0;
		};
		B5A05DCC5BCD7CEFAB331AC9 /* Sources */ = {
			isa = PBXSourcesBuildPhase;
			buildActionMask = 2147483647;
			files = (
				002A8C01BCBF5B3278715773 /* LunaWatchUITests.swift in Sources */,
			);
			runOnlyForDeploymentPostprocessing = 0;
		};
		EA4D6A01702B7EA5D8D413B5 /* Sources */ = {
			isa = PBXSourcesBuildPhase;
			buildActionMask = 2147483647;
			files = (
				6FD0E3416058955C97B1E47B /* LunaWatchTests.swift in Sources */,
			);
			runOnlyForDeploymentPostprocessing = 0;
		};
/* End PBXSourcesBuildPhase section */

/* Begin PBXTargetDependency section */
		13470BD7DF4D3C38800D1079 /* PBXTargetDependency */ = {
			isa = PBXTargetDependency;
			target = A34920B9952DE8C8AB616E46 /* LunaWatchWidgets */;
			targetProxy = 0ABA54A42C12DEE5B2E5AB11 /* PBXContainerItemProxy */;
		};
		19C7F375A0162F62A52FA66B /* PBXTargetDependency */ = {
			isa = PBXTargetDependency;
			target = 59C9ADA3ED60F4DD6C8D46A6 /* LunaWatch */;
			targetProxy = 1CDE79E6C4487AD11B1E5596 /* PBXContainerItemProxy */;
		};
		42A7489F311C535D18A0F9C4 /* PBXTargetDependency */ = {
			isa = PBXTargetDependency;
			target = EDEBD772AE9343A01D9935A3 /* Luna */;
			targetProxy = 1742D0172AC004705B85CEA2 /* PBXContainerItemProxy */;
		};
		9217A289E048FBF835D68564 /* PBXTargetDependency */ = {
			isa = PBXTargetDependency;
			target = 59C9ADA3ED60F4DD6C8D46A6 /* LunaWatch */;
			targetProxy = DA207D3C767A72C3139B569F /* PBXContainerItemProxy */;
		};
		A55A97039D868182E4B108C6 /* PBXTargetDependency */ = {
			isa = PBXTargetDependency;
			target = 59C9ADA3ED60F4DD6C8D46A6 /* LunaWatch */;
			targetProxy = 6D025E72179260F11FB3DB6D /* PBXContainerItemProxy */;
		};
		C49B75F65F687A93FFD896F7 /* PBXTargetDependency */ = {
			isa = PBXTargetDependency;
			target = EDEBD772AE9343A01D9935A3 /* Luna */;
			targetProxy = BC1046BB5CD7822DCC1A58D2 /* PBXContainerItemProxy */;
		};
		F37ECD333773F032F7D70CD5 /* PBXTargetDependency */ = {
			isa = PBXTargetDependency;
			target = F05E1BF236A9829FBD21CB64 /* LunaWidgets */;
			targetProxy = 0A3101A07353328FAC300FE9 /* PBXContainerItemProxy */;
		};
/* End PBXTargetDependency section */

/* Begin XCBuildConfiguration section */
		0021DDC34115FC6C182EDC4C /* Release */ = {
			isa = XCBuildConfiguration;
			buildSettings = {
				BUNDLE_LOADER = "$(TEST_HOST)";
				GENERATE_INFOPLIST_FILE = YES;
				LD_RUNPATH_SEARCH_PATHS = (
					"$(inherited)",
					"@executable_path/Frameworks",
					"@loader_path/Frameworks",
				);
				PRODUCT_BUNDLE_IDENTIFIER = com.yannickherrero.luna.watchuitests;
				SDKROOT = watchos;
				SKIP_INSTALL = YES;
				TARGETED_DEVICE_FAMILY = 4;
				TEST_TARGET_NAME = LunaWatch;
				WATCHOS_DEPLOYMENT_TARGET = 11.0;
			};
			name = Release;
		};
		123CBB575894360522FE36FA /* Release */ = {
			isa = XCBuildConfiguration;
			buildSettings = {
				BUNDLE_LOADER = "$(TEST_HOST)";
				GENERATE_INFOPLIST_FILE = YES;
				LD_RUNPATH_SEARCH_PATHS = (
					"$(inherited)",
					"@executable_path/Frameworks",
					"@loader_path/Frameworks",
				);
				PRODUCT_BUNDLE_IDENTIFIER = com.yannickherrero.luna.tests;
				SDKROOT = iphoneos;
				TARGETED_DEVICE_FAMILY = "1,2";
				TEST_HOST = "$(BUILT_PRODUCTS_DIR)/Luna.app/$(BUNDLE_EXECUTABLE_FOLDER_PATH)/Luna";
			};
			name = Release;
		};
		1969CB8D53AF6852AF716F72 /* Release */ = {
			isa = XCBuildConfiguration;
			baseConfigurationReference = 372E1ADBEE23857F755B87A7 /* Base.xcconfig */;
			buildSettings = {
				ALWAYS_SEARCH_USER_PATHS = NO;
				CLANG_ANALYZER_NONNULL = YES;
				CLANG_ANALYZER_NUMBER_OBJECT_CONVERSION = YES_AGGRESSIVE;
				CLANG_CXX_LANGUAGE_STANDARD = "gnu++14";
				CLANG_CXX_LIBRARY = "libc++";
				CLANG_ENABLE_MODULES = YES;
				CLANG_ENABLE_OBJC_ARC = YES;
				CLANG_ENABLE_OBJC_WEAK = YES;
				CLANG_WARN_BLOCK_CAPTURE_AUTORELEASING = YES;
				CLANG_WARN_BOOL_CONVERSION = YES;
				CLANG_WARN_COMMA = YES;
				CLANG_WARN_CONSTANT_CONVERSION = YES;
				CLANG_WARN_DEPRECATED_OBJC_IMPLEMENTATIONS = YES;
				CLANG_WARN_DIRECT_OBJC_ISA_USAGE = YES_ERROR;
				CLANG_WARN_DOCUMENTATION_COMMENTS = YES;
				CLANG_WARN_EMPTY_BODY = YES;
				CLANG_WARN_ENUM_CONVERSION = YES;
				CLANG_WARN_INFINITE_RECURSION = YES;
				CLANG_WARN_INT_CONVERSION = YES;
				CLANG_WARN_NON_LITERAL_NULL_CONVERSION = YES;
				CLANG_WARN_OBJC_IMPLICIT_RETAIN_SELF = YES;
				CLANG_WARN_OBJC_LITERAL_CONVERSION = YES;
				CLANG_WARN_OBJC_ROOT_CLASS = YES_ERROR;
				CLANG_WARN_QUOTED_INCLUDE_IN_FRAMEWORK_HEADER = YES;
				CLANG_WARN_RANGE_LOOP_ANALYSIS = YES;
				CLANG_WARN_STRICT_PROTOTYPES = YES;
				CLANG_WARN_SUSPICIOUS_MOVE = YES;
				CLANG_WARN_UNGUARDED_AVAILABILITY = YES_AGGRESSIVE;
				CLANG_WARN_UNREACHABLE_CODE = YES;
				CLANG_WARN__DUPLICATE_METHOD_MATCH = YES;
				CODE_SIGN_STYLE = Automatic;
				COPY_PHASE_STRIP = NO;
				CURRENT_PROJECT_VERSION = 1;
				DEBUG_INFORMATION_FORMAT = "dwarf-with-dsym";
				DEVELOPMENT_LANGUAGE = en;
				ENABLE_NS_ASSERTIONS = NO;
				ENABLE_STRICT_OBJC_MSGSEND = YES;
				ENABLE_USER_SCRIPT_SANDBOXING = YES;
				GCC_C_LANGUAGE_STANDARD = gnu11;
				GCC_NO_COMMON_BLOCKS = YES;
				GCC_WARN_64_TO_32_BIT_CONVERSION = YES;
				GCC_WARN_ABOUT_RETURN_TYPE = YES_ERROR;
				GCC_WARN_UNDECLARED_SELECTOR = YES;
				GCC_WARN_UNINITIALIZED_AUTOS = YES_AGGRESSIVE;
				GCC_WARN_UNUSED_FUNCTION = YES;
				GCC_WARN_UNUSED_VARIABLE = YES;
				IPHONEOS_DEPLOYMENT_TARGET = 18.0;
				LOCALIZATION_PREFERS_STRING_CATALOGS = YES;
				MARKETING_VERSION = 1.0.0;
				MTL_ENABLE_DEBUG_INFO = NO;
				MTL_FAST_MATH = YES;
				PRODUCT_NAME = "$(TARGET_NAME)";
				SWIFT_COMPILATION_MODE = wholemodule;
				SWIFT_OPTIMIZATION_LEVEL = "-O";
				SWIFT_STRICT_CONCURRENCY = complete;
				SWIFT_VERSION = 6.0;
				TARGETED_DEVICE_FAMILY = "1,2";
				WATCHOS_DEPLOYMENT_TARGET = 11.0;
			};
			name = Release;
		};
		3F779F6FED0156BB10755CDD /* Release */ = {
			isa = XCBuildConfiguration;
			buildSettings = {
				APPLICATION_EXTENSION_API_ONLY = YES;
				CODE_SIGN_IDENTITY = "Apple Distribution";
				CODE_SIGN_STYLE = Manual;
				INFOPLIST_FILE = LunaWidgets/Info.plist;
				LD_RUNPATH_SEARCH_PATHS = (
					"$(inherited)",
					"@executable_path/Frameworks",
					"@executable_path/../../Frameworks",
				);
				PRODUCT_BUNDLE_IDENTIFIER = com.yannickherrero.luna.widgets;
				PRODUCT_NAME = LunaWidgets;
				PROVISIONING_PROFILE_SPECIFIER = "Luna Widgets App Store";
				SDKROOT = iphoneos;
				SKIP_INSTALL = YES;
				TARGETED_DEVICE_FAMILY = "1,2";
			};
			name = Release;
		};
		5626C0A7F045C536DD54C1E3 /* Debug */ = {
			isa = XCBuildConfiguration;
			buildSettings = {
				BUNDLE_LOADER = "$(TEST_HOST)";
				GENERATE_INFOPLIST_FILE = YES;
				LD_RUNPATH_SEARCH_PATHS = (
					"$(inherited)",
					"@executable_path/Frameworks",
					"@loader_path/Frameworks",
				);
				PRODUCT_BUNDLE_IDENTIFIER = com.yannickherrero.luna.uitests;
				SDKROOT = iphoneos;
				TARGETED_DEVICE_FAMILY = "1,2";
				TEST_TARGET_NAME = Luna;
			};
			name = Debug;
		};
		6BB921729C9A48B1C235A6D6 /* Debug */ = {
			isa = XCBuildConfiguration;
			buildSettings = {
				APPLICATION_EXTENSION_API_ONLY = YES;
				INFOPLIST_FILE = LunaWidgets/Info.plist;
				LD_RUNPATH_SEARCH_PATHS = (
					"$(inherited)",
					"@executable_path/Frameworks",
					"@executable_path/../../Frameworks",
				);
				PRODUCT_BUNDLE_IDENTIFIER = com.yannickherrero.luna.widgets;
				PRODUCT_NAME = LunaWidgets;
				SDKROOT = iphoneos;
				SKIP_INSTALL = YES;
				TARGETED_DEVICE_FAMILY = "1,2";
			};
			name = Debug;
		};
		71AE8EBA6DFB4E22C15A1278 /* Release */ = {
			isa = XCBuildConfiguration;
			buildSettings = {
				BUNDLE_LOADER = "$(TEST_HOST)";
				GENERATE_INFOPLIST_FILE = YES;
				LD_RUNPATH_SEARCH_PATHS = (
					"$(inherited)",
					"@executable_path/Frameworks",
					"@loader_path/Frameworks",
				);
				PRODUCT_BUNDLE_IDENTIFIER = com.yannickherrero.luna.watchtests;
				SDKROOT = watchos;
				SKIP_INSTALL = YES;
				TARGETED_DEVICE_FAMILY = 4;
				TEST_HOST = "$(BUILT_PRODUCTS_DIR)/LunaWatch.app/LunaWatch";
				WATCHOS_DEPLOYMENT_TARGET = 11.0;
			};
			name = Release;
		};
		731E7BE712A3D72DA72D8E6A /* Debug */ = {
			isa = XCBuildConfiguration;
			buildSettings = {
				BUNDLE_LOADER = "$(TEST_HOST)";
				GENERATE_INFOPLIST_FILE = YES;
				LD_RUNPATH_SEARCH_PATHS = (
					"$(inherited)",
					"@executable_path/Frameworks",
					"@loader_path/Frameworks",
				);
				PRODUCT_BUNDLE_IDENTIFIER = com.yannickherrero.luna.watchuitests;
				SDKROOT = watchos;
				SKIP_INSTALL = YES;
				TARGETED_DEVICE_FAMILY = 4;
				TEST_TARGET_NAME = LunaWatch;
				WATCHOS_DEPLOYMENT_TARGET = 11.0;
			};
			name = Debug;
		};
		7F703E77CD98E5A0AF56F0A6 /* Debug */ = {
			isa = XCBuildConfiguration;
			buildSettings = {
				BUNDLE_LOADER = "$(TEST_HOST)";
				GENERATE_INFOPLIST_FILE = YES;
				LD_RUNPATH_SEARCH_PATHS = (
					"$(inherited)",
					"@executable_path/Frameworks",
					"@loader_path/Frameworks",
				);
				PRODUCT_BUNDLE_IDENTIFIER = com.yannickherrero.luna.tests;
				SDKROOT = iphoneos;
				TARGETED_DEVICE_FAMILY = "1,2";
				TEST_HOST = "$(BUILT_PRODUCTS_DIR)/Luna.app/$(BUNDLE_EXECUTABLE_FOLDER_PATH)/Luna";
			};
			name = Debug;
		};
		84D2771497886F76A490F2BD /* Debug */ = {
			isa = XCBuildConfiguration;
			buildSettings = {
				ASSETCATALOG_COMPILER_APPICON_NAME = AppIcon;
				ASSETCATALOG_COMPILER_GENERATE_SWIFT_ASSET_SYMBOL_EXTENSIONS = YES;
				CODE_SIGN_ENTITLEMENTS = Luna/Resources/Luna.entitlements;
				CODE_SIGN_IDENTITY = "iPhone Developer";
				INFOPLIST_FILE = Luna/Resources/Info.plist;
				LD_RUNPATH_SEARCH_PATHS = (
					"$(inherited)",
					"@executable_path/Frameworks",
				);
				PRODUCT_BUNDLE_IDENTIFIER = com.yannickherrero.luna;
				PRODUCT_NAME = Luna;
				SDKROOT = iphoneos;
				SUPPORTS_MACCATALYST = NO;
				TARGETED_DEVICE_FAMILY = "1,2";
			};
			name = Debug;
		};
		A656E583166AE2A51EF0E151 /* Debug */ = {
			isa = XCBuildConfiguration;
			baseConfigurationReference = 372E1ADBEE23857F755B87A7 /* Base.xcconfig */;
			buildSettings = {
				ALWAYS_SEARCH_USER_PATHS = NO;
				CLANG_ANALYZER_NONNULL = YES;
				CLANG_ANALYZER_NUMBER_OBJECT_CONVERSION = YES_AGGRESSIVE;
				CLANG_CXX_LANGUAGE_STANDARD = "gnu++14";
				CLANG_CXX_LIBRARY = "libc++";
				CLANG_ENABLE_MODULES = YES;
				CLANG_ENABLE_OBJC_ARC = YES;
				CLANG_ENABLE_OBJC_WEAK = YES;
				CLANG_WARN_BLOCK_CAPTURE_AUTORELEASING = YES;
				CLANG_WARN_BOOL_CONVERSION = YES;
				CLANG_WARN_COMMA = YES;
				CLANG_WARN_CONSTANT_CONVERSION = YES;
				CLANG_WARN_DEPRECATED_OBJC_IMPLEMENTATIONS = YES;
				CLANG_WARN_DIRECT_OBJC_ISA_USAGE = YES_ERROR;
				CLANG_WARN_DOCUMENTATION_COMMENTS = YES;
				CLANG_WARN_EMPTY_BODY = YES;
				CLANG_WARN_ENUM_CONVERSION = YES;
				CLANG_WARN_INFINITE_RECURSION = YES;
				CLANG_WARN_INT_CONVERSION = YES;
				CLANG_WARN_NON_LITERAL_NULL_CONVERSION = YES;
				CLANG_WARN_OBJC_IMPLICIT_RETAIN_SELF = YES;
				CLANG_WARN_OBJC_LITERAL_CONVERSION = YES;
				CLANG_WARN_OBJC_ROOT_CLASS = YES_ERROR;
				CLANG_WARN_QUOTED_INCLUDE_IN_FRAMEWORK_HEADER = YES;
				CLANG_WARN_RANGE_LOOP_ANALYSIS = YES;
				CLANG_WARN_STRICT_PROTOTYPES = YES;
				CLANG_WARN_SUSPICIOUS_MOVE = YES;
				CLANG_WARN_UNGUARDED_AVAILABILITY = YES_AGGRESSIVE;
				CLANG_WARN_UNREACHABLE_CODE = YES;
				CLANG_WARN__DUPLICATE_METHOD_MATCH = YES;
				CODE_SIGN_STYLE = Automatic;
				COPY_PHASE_STRIP = NO;
				CURRENT_PROJECT_VERSION = 1;
				DEBUG_INFORMATION_FORMAT = dwarf;
				DEVELOPMENT_LANGUAGE = en;
				ENABLE_STRICT_OBJC_MSGSEND = YES;
				ENABLE_USER_SCRIPT_SANDBOXING = YES;
				GCC_C_LANGUAGE_STANDARD = gnu11;
				GCC_DYNAMIC_NO_PIC = NO;
				GCC_NO_COMMON_BLOCKS = YES;
				GCC_OPTIMIZATION_LEVEL = 0;
				GCC_PREPROCESSOR_DEFINITIONS = (
					"$(inherited)",
					"DEBUG=1",
				);
				GCC_WARN_64_TO_32_BIT_CONVERSION = YES;
				GCC_WARN_ABOUT_RETURN_TYPE = YES_ERROR;
				GCC_WARN_UNDECLARED_SELECTOR = YES;
				GCC_WARN_UNINITIALIZED_AUTOS = YES_AGGRESSIVE;
				GCC_WARN_UNUSED_FUNCTION = YES;
				GCC_WARN_UNUSED_VARIABLE = YES;
				IPHONEOS_DEPLOYMENT_TARGET = 18.0;
				LOCALIZATION_PREFERS_STRING_CATALOGS = YES;
				MARKETING_VERSION = 1.0.0;
				MTL_ENABLE_DEBUG_INFO = INCLUDE_SOURCE;
				MTL_FAST_MATH = YES;
				ONLY_ACTIVE_ARCH = YES;
				PRODUCT_NAME = "$(TARGET_NAME)";
				SWIFT_ACTIVE_COMPILATION_CONDITIONS = DEBUG;
				SWIFT_OPTIMIZATION_LEVEL = "-Onone";
				SWIFT_STRICT_CONCURRENCY = complete;
				SWIFT_VERSION = 6.0;
				TARGETED_DEVICE_FAMILY = "1,2";
				WATCHOS_DEPLOYMENT_TARGET = 11.0;
			};
			name = Debug;
		};
		A7DA873A25DB99C6EA843F5D /* Release */ = {
			isa = XCBuildConfiguration;
			buildSettings = {
				ASSETCATALOG_COMPILER_APPICON_NAME = AppIcon;
				CODE_SIGN_IDENTITY = "Apple Distribution";
				CODE_SIGN_STYLE = Manual;
				INFOPLIST_FILE = LunaWatch/Info.plist;
				PRODUCT_BUNDLE_IDENTIFIER = com.yannickherrero.luna.watchkitapp;
				PRODUCT_NAME = LunaWatch;
				PROVISIONING_PROFILE_SPECIFIER = "Luna Watch App Store";
				SDKROOT = watchos;
				SKIP_INSTALL = YES;
				TARGETED_DEVICE_FAMILY = 4;
				WATCHOS_DEPLOYMENT_TARGET = 11.0;
				WK_COMPANION_APP_BUNDLE_IDENTIFIER = com.yannickherrero.luna;
			};
			name = Release;
		};
		AF3E0CA3D7359222A764DEE5 /* Release */ = {
			isa = XCBuildConfiguration;
			buildSettings = {
				BUNDLE_LOADER = "$(TEST_HOST)";
				GENERATE_INFOPLIST_FILE = YES;
				LD_RUNPATH_SEARCH_PATHS = (
					"$(inherited)",
					"@executable_path/Frameworks",
					"@loader_path/Frameworks",
				);
				PRODUCT_BUNDLE_IDENTIFIER = com.yannickherrero.luna.uitests;
				SDKROOT = iphoneos;
				TARGETED_DEVICE_FAMILY = "1,2";
				TEST_TARGET_NAME = Luna;
			};
			name = Release;
		};
		C7087A663C3F1CC48223927F /* Debug */ = {
			isa = XCBuildConfiguration;
			buildSettings = {
				BUNDLE_LOADER = "$(TEST_HOST)";
				GENERATE_INFOPLIST_FILE = YES;
				LD_RUNPATH_SEARCH_PATHS = (
					"$(inherited)",
					"@executable_path/Frameworks",
					"@loader_path/Frameworks",
				);
				PRODUCT_BUNDLE_IDENTIFIER = com.yannickherrero.luna.watchtests;
				SDKROOT = watchos;
				SKIP_INSTALL = YES;
				TARGETED_DEVICE_FAMILY = 4;
				TEST_HOST = "$(BUILT_PRODUCTS_DIR)/LunaWatch.app/LunaWatch";
				WATCHOS_DEPLOYMENT_TARGET = 11.0;
			};
			name = Debug;
		};
		CFE1A7759DE76DF3F745439C /* Debug */ = {
			isa = XCBuildConfiguration;
			buildSettings = {
				APPLICATION_EXTENSION_API_ONLY = YES;
				INFOPLIST_FILE = LunaWatchWidgets/Info.plist;
				LD_RUNPATH_SEARCH_PATHS = (
					"$(inherited)",
					"@executable_path/Frameworks",
					"@executable_path/../../Frameworks",
				);
				PRODUCT_BUNDLE_IDENTIFIER = com.yannickherrero.luna.watchkitapp.widgets;
				PRODUCT_NAME = LunaWatchWidgets;
				SDKROOT = watchos;
				SKIP_INSTALL = YES;
				TARGETED_DEVICE_FAMILY = 4;
				WATCHOS_DEPLOYMENT_TARGET = 11.0;
			};
			name = Debug;
		};
		E4B091AB0A6F3EA401007C21 /* Release */ = {
			isa = XCBuildConfiguration;
			buildSettings = {
				ASSETCATALOG_COMPILER_APPICON_NAME = AppIcon;
				ASSETCATALOG_COMPILER_GENERATE_SWIFT_ASSET_SYMBOL_EXTENSIONS = YES;
				CODE_SIGN_ENTITLEMENTS = Luna/Resources/Luna.entitlements;
				CODE_SIGN_IDENTITY = "Apple Distribution";
				CODE_SIGN_STYLE = Manual;
				INFOPLIST_FILE = Luna/Resources/Info.plist;
				LD_RUNPATH_SEARCH_PATHS = (
					"$(inherited)",
					"@executable_path/Frameworks",
				);
				PRODUCT_BUNDLE_IDENTIFIER = com.yannickherrero.luna;
				PRODUCT_NAME = Luna;
				PROVISIONING_PROFILE_SPECIFIER = "Luna App Store";
				SDKROOT = iphoneos;
				SUPPORTS_MACCATALYST = NO;
				TARGETED_DEVICE_FAMILY = "1,2";
			};
			name = Release;
		};
		E6EB00D2C426D9FC3B9221FE /* Debug */ = {
			isa = XCBuildConfiguration;
			buildSettings = {
				ASSETCATALOG_COMPILER_APPICON_NAME = AppIcon;
				INFOPLIST_FILE = LunaWatch/Info.plist;
				PRODUCT_BUNDLE_IDENTIFIER = com.yannickherrero.luna.watchkitapp;
				PRODUCT_NAME = LunaWatch;
				SDKROOT = watchos;
				SKIP_INSTALL = YES;
				TARGETED_DEVICE_FAMILY = 4;
				WATCHOS_DEPLOYMENT_TARGET = 11.0;
				WK_COMPANION_APP_BUNDLE_IDENTIFIER = com.yannickherrero.luna;
			};
			name = Debug;
		};
		F5F102A46BB8A5DE2BC1ACE9 /* Release */ = {
			isa = XCBuildConfiguration;
			buildSettings = {
				APPLICATION_EXTENSION_API_ONLY = YES;
				CODE_SIGN_IDENTITY = "Apple Distribution";
				CODE_SIGN_STYLE = Manual;
				INFOPLIST_FILE = LunaWatchWidgets/Info.plist;
				LD_RUNPATH_SEARCH_PATHS = (
					"$(inherited)",
					"@executable_path/Frameworks",
					"@executable_path/../../Frameworks",
				);
				PRODUCT_BUNDLE_IDENTIFIER = com.yannickherrero.luna.watchkitapp.widgets;
				PRODUCT_NAME = LunaWatchWidgets;
				PROVISIONING_PROFILE_SPECIFIER = "Luna Watch Widgets App Store";
				SDKROOT = watchos;
				SKIP_INSTALL = YES;
				TARGETED_DEVICE_FAMILY = 4;
				WATCHOS_DEPLOYMENT_TARGET = 11.0;
			};
			name = Release;
		};
/* End XCBuildConfiguration section */

/* Begin XCConfigurationList section */
		0B4D019B73BA52F3F9179FE0 /* Build configuration list for PBXNativeTarget "LunaWatchWidgets" */ = {
			isa = XCConfigurationList;
			buildConfigurations = (
				CFE1A7759DE76DF3F745439C /* Debug */,
				F5F102A46BB8A5DE2BC1ACE9 /* Release */,
			);
			defaultConfigurationIsVisible = 0;
			defaultConfigurationName = Debug;
		};
		3C3A865CC4E27571C13BA4E8 /* Build configuration list for PBXNativeTarget "LunaWatchUITests" */ = {
			isa = XCConfigurationList;
			buildConfigurations = (
				731E7BE712A3D72DA72D8E6A /* Debug */,
				0021DDC34115FC6C182EDC4C /* Release */,
			);
			defaultConfigurationIsVisible = 0;
			defaultConfigurationName = Debug;
		};
		402FB2144CA133517A0F616E /* Build configuration list for PBXNativeTarget "Luna" */ = {
			isa = XCConfigurationList;
			buildConfigurations = (
				84D2771497886F76A490F2BD /* Debug */,
				E4B091AB0A6F3EA401007C21 /* Release */,
			);
			defaultConfigurationIsVisible = 0;
			defaultConfigurationName = Debug;
		};
		56A2F75260C90F3E52F85966 /* Build configuration list for PBXNativeTarget "LunaWatchTests" */ = {
			isa = XCConfigurationList;
			buildConfigurations = (
				C7087A663C3F1CC48223927F /* Debug */,
				71AE8EBA6DFB4E22C15A1278 /* Release */,
			);
			defaultConfigurationIsVisible = 0;
			defaultConfigurationName = Debug;
		};
		67AD3055BB622ADEB25AA922 /* Build configuration list for PBXNativeTarget "LunaWatch" */ = {
			isa = XCConfigurationList;
			buildConfigurations = (
				E6EB00D2C426D9FC3B9221FE /* Debug */,
				A7DA873A25DB99C6EA843F5D /* Release */,
			);
			defaultConfigurationIsVisible = 0;
			defaultConfigurationName = Debug;
		};
		78C6B562A9FE46C0BE6F07AF /* Build configuration list for PBXNativeTarget "LunaUITests" */ = {
			isa = XCConfigurationList;
			buildConfigurations = (
				5626C0A7F045C536DD54C1E3 /* Debug */,
				AF3E0CA3D7359222A764DEE5 /* Release */,
			);
			defaultConfigurationIsVisible = 0;
			defaultConfigurationName = Debug;
		};
		81E1B1FDAB3D46EC602BBCB0 /* Build configuration list for PBXNativeTarget "LunaWidgets" */ = {
			isa = XCConfigurationList;
			buildConfigurations = (
				6BB921729C9A48B1C235A6D6 /* Debug */,
				3F779F6FED0156BB10755CDD /* Release */,
			);
			defaultConfigurationIsVisible = 0;
			defaultConfigurationName = Debug;
		};
		85A80063A5A7EEAFAAE82D51 /* Build configuration list for PBXNativeTarget "LunaTests" */ = {
			isa = XCConfigurationList;
			buildConfigurations = (
				7F703E77CD98E5A0AF56F0A6 /* Debug */,
				123CBB575894360522FE36FA /* Release */,
			);
			defaultConfigurationIsVisible = 0;
			defaultConfigurationName = Debug;
		};
		9C7285D4C14B8A8DF926CBB7 /* Build configuration list for PBXProject "Luna" */ = {
			isa = XCConfigurationList;
			buildConfigurations = (
				A656E583166AE2A51EF0E151 /* Debug */,
				1969CB8D53AF6852AF716F72 /* Release */,
			);
			defaultConfigurationIsVisible = 0;
			defaultConfigurationName = Debug;
		};
/* End XCConfigurationList section */
	};
	rootObject = 17A65B085E12EE34B8A63E88 /* Project object */;
}
