// !$*UTF8*$!
{
	archiveVersion = 1;
	classes = {
	};
	objectVersion = 77;
	objects = {

/* Begin PBXBuildFile section */
		009C4FA87B69845E549718C2 /* LunaUITests.swift in Sources */ = {isa = PBXBuildFile; fileRef = 37224358526A57AC70F20BA0 /* LunaUITests.swift */; };
		02524708F5CAA639246EC2A4 /* MarkdownDocument.swift in Sources */ = {isa = PBXBuildFile; fileRef = D57DA3D0C9E7F119F8B76BDD /* MarkdownDocument.swift */; };
		08A524A97215FE0EEFE4FEB9 /* ConversationSidebar.swift in Sources */ = {isa = PBXBuildFile; fileRef = AF280810D22370DA77BDEC31 /* ConversationSidebar.swift */; };
		0BA4C4EF3498F60D61A34FE0 /* LunaTests.swift in Sources */ = {isa = PBXBuildFile; fileRef = BDF59CED60218ECEC6977138 /* LunaTests.swift */; };
		155FCF274D69E02401F3A457 /* AgentControlsView.swift in Sources */ = {isa = PBXBuildFile; fileRef = 1FBA06C0C3B81E8D0960DAF5 /* AgentControlsView.swift */; };
		17C99E4C508FB16C3508A883 /* MultipartForm.swift in Sources */ = {isa = PBXBuildFile; fileRef = 3299407BD23BA1484448E336 /* MultipartForm.swift */; };
		1B8224EAE0A4611AF5D043FA /* LunaTime.swift in Sources */ = {isa = PBXBuildFile; fileRef = 39D79A5020F9E11215648BD2 /* LunaTime.swift */; };
		1BC36092F2B3D81B85ADD779 /* LunaIconButton.swift in Sources */ = {isa = PBXBuildFile; fileRef = 50AF1EC1B60EFEEA69DE151C /* LunaIconButton.swift */; };
		1E319A77692B7DED7BEE0402 /* ComposerDraft.swift in Sources */ = {isa = PBXBuildFile; fileRef = F77EA033D26FA403D3E29B40 /* ComposerDraft.swift */; };
		2B50F0AC09DE2B8DFF663CEB /* Entities.swift in Sources */ = {isa = PBXBuildFile; fileRef = 10DD83F26A896CBD3D7BB2BC /* Entities.swift */; };
		3DAE34D4A6DDAB4EE0140C5E /* PairingTests.swift in Sources */ = {isa = PBXBuildFile; fileRef = 2D02B47A7E4945E3F685C892 /* PairingTests.swift */; };
		3EA48570E5A5D7725E448D37 /* RootView.swift in Sources */ = {isa = PBXBuildFile; fileRef = 0EBD08A622DC05B5D6C4BA28 /* RootView.swift */; };
		45DB3855FB7B9F2F63A94E4B /* PairingView.swift in Sources */ = {isa = PBXBuildFile; fileRef = ACE6EE1E3B3B745AD07D2E75 /* PairingView.swift */; };
		5024609EE38307661CBC945C /* LunaApp.swift in Sources */ = {isa = PBXBuildFile; fileRef = 446892BB5B365737EE00315F /* LunaApp.swift */; };
		55B9BB28E50143DAD4976951 /* ConversationShellView.swift in Sources */ = {isa = PBXBuildFile; fileRef = D7E74A437020C38E3448B41E /* ConversationShellView.swift */; };
		60A4B863CF7D50182AF219DF /* LunaTimeTests.swift in Sources */ = {isa = PBXBuildFile; fileRef = D800357345CADB742046B83B /* LunaTimeTests.swift */; };
		63C5177BA73E69FF55428E90 /* CredentialStore.swift in Sources */ = {isa = PBXBuildFile; fileRef = 1C370C7ADBA88F9E1C17C2E1 /* CredentialStore.swift */; };
		703E3FA4F4A88D1F5BC6F6A9 /* APIClient.swift in Sources */ = {isa = PBXBuildFile; fileRef = D9BE9D9ED57041FAB2589F3D /* APIClient.swift */; };
		746DEBCC2CBCC91F89751784 /* AuthenticatedImageLoader.swift in Sources */ = {isa = PBXBuildFile; fileRef = 19DB4F9947491A7E033BA1FA /* AuthenticatedImageLoader.swift */; };
		79FB38B90A7B1F45FBB430B1 /* MarkdownTests.swift in Sources */ = {isa = PBXBuildFile; fileRef = E9A36CC818E30F432A856BF7 /* MarkdownTests.swift */; };
		7BBF6590B1B934FAFDA8BC84 /* AppModel.swift in Sources */ = {isa = PBXBuildFile; fileRef = E556359BF68F1642E3BA0FA5 /* AppModel.swift */; };
		8484D71F46A61DF8FC6E8E0E /* PrivacyInfo.xcprivacy in Resources */ = {isa = PBXBuildFile; fileRef = 0115226D947BB6D519EA0EF6 /* PrivacyInfo.xcprivacy */; };
		8A551BB80F78B6EB3575F6E2 /* LunaTheme.swift in Sources */ = {isa = PBXBuildFile; fileRef = ECFD1B295E68E217F4E87326 /* LunaTheme.swift */; };
		8D5EC7878405F2CDC13AF4DB /* AuthenticatedImageView.swift in Sources */ = {isa = PBXBuildFile; fileRef = 736E33EAB2B5AA9512E1F8B0 /* AuthenticatedImageView.swift */; };
		8FD54FEB77B276E4D3A0302B /* MarkdownView.swift in Sources */ = {isa = PBXBuildFile; fileRef = E615B4F62478DD81610EC904 /* MarkdownView.swift */; };
		93FFE8FCDE8C11B7895E2171 /* ProtocolTests.swift in Sources */ = {isa = PBXBuildFile; fileRef = FB0A80C2D2C9CD3BC17BF432 /* ProtocolTests.swift */; };
		9FC002CF6EAE2CE8DA87219A /* ComposerTests.swift in Sources */ = {isa = PBXBuildFile; fileRef = 7541218330E7B427920F4074 /* ComposerTests.swift */; };
		A0C4F0AE302272715C926DB9 /* ConversationStoreTests.swift in Sources */ = {isa = PBXBuildFile; fileRef = 302CDA3842D14DAA19FB466F /* ConversationStoreTests.swift */; };
		A0C990BCDF369F55ABBF2A4F /* APIModels.swift in Sources */ = {isa = PBXBuildFile; fileRef = 500F918CCAAA34D0F020DA8B /* APIModels.swift */; };
		A16D7BCEDFD1741F1FFEE6A4 /* ConversationTranscriptView.swift in Sources */ = {isa = PBXBuildFile; fileRef = BB5BE7E52636B4529580B80B /* ConversationTranscriptView.swift */; };
		A50707F0A0C4C4C9C011EFFB /* ConversationComposerView.swift in Sources */ = {isa = PBXBuildFile; fileRef = 6D0BD429F1A21CC066B7E0C0 /* ConversationComposerView.swift */; };
		AA1951FBBA7C1FD2541913D4 /* ConversationState.swift in Sources */ = {isa = PBXBuildFile; fileRef = 994F478C79239B9A8C3F52C0 /* ConversationState.swift */; };
		AD3445321C1D0415A74992A7 /* LunaIcon.swift in Sources */ = {isa = PBXBuildFile; fileRef = A63BC4C2BA97762545D5E26D /* LunaIcon.swift */; };
		B9DD7592B8189322F409309D /* NetworkingTests.swift in Sources */ = {isa = PBXBuildFile; fileRef = F65C6B3ABF9AC0E142BCDC55 /* NetworkingTests.swift */; };
		C07AD33770DB2AAE5E586782 /* PreviewFixtures.swift in Sources */ = {isa = PBXBuildFile; fileRef = 4FAFADCFD36370FA374DB042 /* PreviewFixtures.swift */; };
		C145F46484E61AF629AD4AD9 /* ConversationStateTests.swift in Sources */ = {isa = PBXBuildFile; fileRef = AF07C179E6289F68DAA211AD /* ConversationStateTests.swift */; };
		C2F36A2D4F3DA6AED2E85243 /* CodeHighlighter.swift in Sources */ = {isa = PBXBuildFile; fileRef = C04A59F739F0222CEDB8885F /* CodeHighlighter.swift */; };
		C457C3B6B6A743B7D64EF1FE /* AgentControlsTests.swift in Sources */ = {isa = PBXBuildFile; fileRef = D52EB1E0C99044C5EA937635 /* AgentControlsTests.swift */; };
		C57DD66DBB68DEAA4B849838 /* Events.swift in Sources */ = {isa = PBXBuildFile; fileRef = 3BBCE5382FCDBEC76F3E0884 /* Events.swift */; };
		C68DA4A7E0EA7E8D80BA1CDA /* ServerConfiguration.swift in Sources */ = {isa = PBXBuildFile; fileRef = 8489E32B1B544E45875F735D /* ServerConfiguration.swift */; };
		C9B4CB2784C05A6A6CB1E3EA /* ConversationStore.swift in Sources */ = {isa = PBXBuildFile; fileRef = 0695B7744D91951C5A34E305 /* ConversationStore.swift */; };
		CDA4FBE97FDCE7142D786FE7 /* LunaSurface.swift in Sources */ = {isa = PBXBuildFile; fileRef = F35B1CB79E061E08CB29C3DF /* LunaSurface.swift */; };
		DF2339629C6744C3E694E6D5 /* EventSource.swift in Sources */ = {isa = PBXBuildFile; fileRef = 7B6FD795A42FF1192A72569D /* EventSource.swift */; };
		E565027D51984EC95E5ACB47 /* NativeComposerInputs.swift in Sources */ = {isa = PBXBuildFile; fileRef = 07513D9CF7E8AE8D866C482F /* NativeComposerInputs.swift */; };
		EA2B1C71A210199090456930 /* VoiceRecorder.swift in Sources */ = {isa = PBXBuildFile; fileRef = 7361076F67DAD7EF6080ACFE /* VoiceRecorder.swift */; };
		ECFE0E7A759B6EFEFA185537 /* LunaControls.swift in Sources */ = {isa = PBXBuildFile; fileRef = 9561CCFA4B4C5A8F4DA3030D /* LunaControls.swift */; };
		F1E660AE60F6AE48AD6C89AD /* LunaColors.swift in Sources */ = {isa = PBXBuildFile; fileRef = D71B1EBDBBB361F97F8E020B /* LunaColors.swift */; };
		F4B98DDA68748E8F38FA9E74 /* Assets.xcassets in Resources */ = {isa = PBXBuildFile; fileRef = 8C77C10BEEA3129002A168D6 /* Assets.xcassets */; };
/* End PBXBuildFile section */

/* Begin PBXContainerItemProxy section */
		1742D0172AC004705B85CEA2 /* PBXContainerItemProxy */ = {
			isa = PBXContainerItemProxy;
			containerPortal = 17A65B085E12EE34B8A63E88 /* Project object */;
			proxyType = 1;
			remoteGlobalIDString = EDEBD772AE9343A01D9935A3;
			remoteInfo = Luna;
		};
		BC1046BB5CD7822DCC1A58D2 /* PBXContainerItemProxy */ = {
			isa = PBXContainerItemProxy;
			containerPortal = 17A65B085E12EE34B8A63E88 /* Project object */;
			proxyType = 1;
			remoteGlobalIDString = EDEBD772AE9343A01D9935A3;
			remoteInfo = Luna;
		};
/* End PBXContainerItemProxy section */

/* Begin PBXFileReference section */
		0115226D947BB6D519EA0EF6 /* PrivacyInfo.xcprivacy */ = {isa = PBXFileReference; path = PrivacyInfo.xcprivacy; sourceTree = "<group>"; };
		0695B7744D91951C5A34E305 /* ConversationStore.swift */ = {isa = PBXFileReference; lastKnownFileType = sourcecode.swift; path = ConversationStore.swift; sourceTree = "<group>"; };
		07513D9CF7E8AE8D866C482F /* NativeComposerInputs.swift */ = {isa = PBXFileReference; lastKnownFileType = sourcecode.swift; path = NativeComposerInputs.swift; sourceTree = "<group>"; };
		0EBD08A622DC05B5D6C4BA28 /* RootView.swift */ = {isa = PBXFileReference; lastKnownFileType = sourcecode.swift; path = RootView.swift; sourceTree = "<group>"; };
		10DD83F26A896CBD3D7BB2BC /* Entities.swift */ = {isa = PBXFileReference; lastKnownFileType = sourcecode.swift; path = Entities.swift; sourceTree = "<group>"; };
		19DB4F9947491A7E033BA1FA /* AuthenticatedImageLoader.swift */ = {isa = PBXFileReference; lastKnownFileType = sourcecode.swift; path = AuthenticatedImageLoader.swift; sourceTree = "<group>"; };
		1C370C7ADBA88F9E1C17C2E1 /* CredentialStore.swift */ = {isa = PBXFileReference; lastKnownFileType = sourcecode.swift; path = CredentialStore.swift; sourceTree = "<group>"; };
		1FBA06C0C3B81E8D0960DAF5 /* AgentControlsView.swift */ = {isa = PBXFileReference; lastKnownFileType = sourcecode.swift; path = AgentControlsView.swift; sourceTree = "<group>"; };
		2D02B47A7E4945E3F685C892 /* PairingTests.swift */ = {isa = PBXFileReference; lastKnownFileType = sourcecode.swift; path = PairingTests.swift; sourceTree = "<group>"; };
		302CDA3842D14DAA19FB466F /* ConversationStoreTests.swift */ = {isa = PBXFileReference; lastKnownFileType = sourcecode.swift; path = ConversationStoreTests.swift; sourceTree = "<group>"; };
		3299407BD23BA1484448E336 /* MultipartForm.swift */ = {isa = PBXFileReference; lastKnownFileType = sourcecode.swift; path = MultipartForm.swift; sourceTree = "<group>"; };
		37224358526A57AC70F20BA0 /* LunaUITests.swift */ = {isa = PBXFileReference; lastKnownFileType = sourcecode.swift; path = LunaUITests.swift; sourceTree = "<group>"; };
		372E1ADBEE23857F755B87A7 /* Base.xcconfig */ = {isa = PBXFileReference; lastKnownFileType = text.xcconfig; path = Base.xcconfig; sourceTree = "<group>"; };
		39D79A5020F9E11215648BD2 /* LunaTime.swift */ = {isa = PBXFileReference; lastKnownFileType = sourcecode.swift; path = LunaTime.swift; sourceTree = "<group>"; };
		3BBCE5382FCDBEC76F3E0884 /* Events.swift */ = {isa = PBXFileReference; lastKnownFileType = sourcecode.swift; path = Events.swift; sourceTree = "<group>"; };
		446892BB5B365737EE00315F /* LunaApp.swift */ = {isa = PBXFileReference; lastKnownFileType = sourcecode.swift; path = LunaApp.swift; sourceTree = "<group>"; };
		494275FBF9232216D6DD62DD /* LunaUITests.xctest */ = {isa = PBXFileReference; includeInIndex = 0; lastKnownFileType = wrapper.cfbundle; path = LunaUITests.xctest; sourceTree = BUILT_PRODUCTS_DIR; };
		4FAFADCFD36370FA374DB042 /* PreviewFixtures.swift */ = {isa = PBXFileReference; lastKnownFileType = sourcecode.swift; path = PreviewFixtures.swift; sourceTree = "<group>"; };
		500F918CCAAA34D0F020DA8B /* APIModels.swift */ = {isa = PBXFileReference; lastKnownFileType = sourcecode.swift; path = APIModels.swift; sourceTree = "<group>"; };
		50AF1EC1B60EFEEA69DE151C /* LunaIconButton.swift */ = {isa = PBXFileReference; lastKnownFileType = sourcecode.swift; path = LunaIconButton.swift; sourceTree = "<group>"; };
		6D0BD429F1A21CC066B7E0C0 /* ConversationComposerView.swift */ = {isa = PBXFileReference; lastKnownFileType = sourcecode.swift; path = ConversationComposerView.swift; sourceTree = "<group>"; };
		7361076F67DAD7EF6080ACFE /* VoiceRecorder.swift */ = {isa = PBXFileReference; lastKnownFileType = sourcecode.swift; path = VoiceRecorder.swift; sourceTree = "<group>"; };
		736E33EAB2B5AA9512E1F8B0 /* AuthenticatedImageView.swift */ = {isa = PBXFileReference; lastKnownFileType = sourcecode.swift; path = AuthenticatedImageView.swift; sourceTree = "<group>"; };
		7541218330E7B427920F4074 /* ComposerTests.swift */ = {isa = PBXFileReference; lastKnownFileType = sourcecode.swift; path = ComposerTests.swift; sourceTree = "<group>"; };
		7B6FD795A42FF1192A72569D /* EventSource.swift */ = {isa = PBXFileReference; lastKnownFileType = sourcecode.swift; path = EventSource.swift; sourceTree = "<group>"; };
		8489E32B1B544E45875F735D /* ServerConfiguration.swift */ = {isa = PBXFileReference; lastKnownFileType = sourcecode.swift; path = ServerConfiguration.swift; sourceTree = "<group>"; };
		8C77C10BEEA3129002A168D6 /* Assets.xcassets */ = {isa = PBXFileReference; lastKnownFileType = folder.assetcatalog; path = Assets.xcassets; sourceTree = "<group>"; };
		9561CCFA4B4C5A8F4DA3030D /* LunaControls.swift */ = {isa = PBXFileReference; lastKnownFileType = sourcecode.swift; path = LunaControls.swift; sourceTree = "<group>"; };
		994F478C79239B9A8C3F52C0 /* ConversationState.swift */ = {isa = PBXFileReference; lastKnownFileType = sourcecode.swift; path = ConversationState.swift; sourceTree = "<group>"; };
		A63BC4C2BA97762545D5E26D /* LunaIcon.swift */ = {isa = PBXFileReference; lastKnownFileType = sourcecode.swift; path = LunaIcon.swift; sourceTree = "<group>"; };
		ACE6EE1E3B3B745AD07D2E75 /* PairingView.swift */ = {isa = PBXFileReference; lastKnownFileType = sourcecode.swift; path = PairingView.swift; sourceTree = "<group>"; };
		AF07C179E6289F68DAA211AD /* ConversationStateTests.swift */ = {isa = PBXFileReference; lastKnownFileType = sourcecode.swift; path = ConversationStateTests.swift; sourceTree = "<group>"; };
		AF280810D22370DA77BDEC31 /* ConversationSidebar.swift */ = {isa = PBXFileReference; lastKnownFileType = sourcecode.swift; path = ConversationSidebar.swift; sourceTree = "<group>"; };
		BB5BE7E52636B4529580B80B /* ConversationTranscriptView.swift */ = {isa = PBXFileReference; lastKnownFileType = sourcecode.swift; path = ConversationTranscriptView.swift; sourceTree = "<group>"; };
		BDF59CED60218ECEC6977138 /* LunaTests.swift */ = {isa = PBXFileReference; lastKnownFileType = sourcecode.swift; path = LunaTests.swift; sourceTree = "<group>"; };
		C04A59F739F0222CEDB8885F /* CodeHighlighter.swift */ = {isa = PBXFileReference; lastKnownFileType = sourcecode.swift; path = CodeHighlighter.swift; sourceTree = "<group>"; };
		C207A2B06080F0309E8742D8 /* Info.plist */ = {isa = PBXFileReference; lastKnownFileType = text.plist; path = Info.plist; sourceTree = "<group>"; };
		D399E4DA6B951325F78CD25C /* Luna.app */ = {isa = PBXFileReference; includeInIndex = 0; lastKnownFileType = wrapper.application; path = Luna.app; sourceTree = BUILT_PRODUCTS_DIR; };
		D52EB1E0C99044C5EA937635 /* AgentControlsTests.swift */ = {isa = PBXFileReference; lastKnownFileType = sourcecode.swift; path = AgentControlsTests.swift; sourceTree = "<group>"; };
		D57DA3D0C9E7F119F8B76BDD /* MarkdownDocument.swift */ = {isa = PBXFileReference; lastKnownFileType = sourcecode.swift; path = MarkdownDocument.swift; sourceTree = "<group>"; };
		D71B1EBDBBB361F97F8E020B /* LunaColors.swift */ = {isa = PBXFileReference; lastKnownFileType = sourcecode.swift; name = LunaColors.swift; path = "../../../../packages/design-tokens/generated/LunaColors.swift"; sourceTree = "<group>"; };
		D7E74A437020C38E3448B41E /* ConversationShellView.swift */ = {isa = PBXFileReference; lastKnownFileType = sourcecode.swift; path = ConversationShellView.swift; sourceTree = "<group>"; };
		D800357345CADB742046B83B /* LunaTimeTests.swift */ = {isa = PBXFileReference; lastKnownFileType = sourcecode.swift; path = LunaTimeTests.swift; sourceTree = "<group>"; };
		D9BE9D9ED57041FAB2589F3D /* APIClient.swift */ = {isa = PBXFileReference; lastKnownFileType = sourcecode.swift; path = APIClient.swift; sourceTree = "<group>"; };
		E239F62A1C9244159CFDE4A6 /* LunaTests.xctest */ = {isa = PBXFileReference; includeInIndex = 0; lastKnownFileType = wrapper.cfbundle; path = LunaTests.xctest; sourceTree = BUILT_PRODUCTS_DIR; };
		E556359BF68F1642E3BA0FA5 /* AppModel.swift */ = {isa = PBXFileReference; lastKnownFileType = sourcecode.swift; path = AppModel.swift; sourceTree = "<group>"; };
		E615B4F62478DD81610EC904 /* MarkdownView.swift */ = {isa = PBXFileReference; lastKnownFileType = sourcecode.swift; path = MarkdownView.swift; sourceTree = "<group>"; };
		E9A36CC818E30F432A856BF7 /* MarkdownTests.swift */ = {isa = PBXFileReference; lastKnownFileType = sourcecode.swift; path = MarkdownTests.swift; sourceTree = "<group>"; };
		ECFD1B295E68E217F4E87326 /* LunaTheme.swift */ = {isa = PBXFileReference; lastKnownFileType = sourcecode.swift; path = LunaTheme.swift; sourceTree = "<group>"; };
		F35B1CB79E061E08CB29C3DF /* LunaSurface.swift */ = {isa = PBXFileReference; lastKnownFileType = sourcecode.swift; path = LunaSurface.swift; sourceTree = "<group>"; };
		F65C6B3ABF9AC0E142BCDC55 /* NetworkingTests.swift */ = {isa = PBXFileReference; lastKnownFileType = sourcecode.swift; path = NetworkingTests.swift; sourceTree = "<group>"; };
		F77EA033D26FA403D3E29B40 /* ComposerDraft.swift */ = {isa = PBXFileReference; lastKnownFileType = sourcecode.swift; path = ComposerDraft.swift; sourceTree = "<group>"; };
		FB0A80C2D2C9CD3BC17BF432 /* ProtocolTests.swift */ = {isa = PBXFileReference; lastKnownFileType = sourcecode.swift; path = ProtocolTests.swift; sourceTree = "<group>"; };
/* End PBXFileReference section */

/* Begin PBXGroup section */
		0E258EAC185F83A209546F0A /* Products */ = {
			isa = PBXGroup;
			children = (
				D399E4DA6B951325F78CD25C /* Luna.app */,
				E239F62A1C9244159CFDE4A6 /* LunaTests.xctest */,
				494275FBF9232216D6DD62DD /* LunaUITests.xctest */,
			);
			name = Products;
			sourceTree = "<group>";
		};
		0E45821296C5093A41DB9EA0 /* Pairing */ = {
			isa = PBXGroup;
			children = (
				ACE6EE1E3B3B745AD07D2E75 /* PairingView.swift */,
			);
			path = Pairing;
			sourceTree = "<group>";
		};
		12971DFAF428E4EFE9F84F7E /* Resources */ = {
			isa = PBXGroup;
			children = (
				8C77C10BEEA3129002A168D6 /* Assets.xcassets */,
				C207A2B06080F0309E8742D8 /* Info.plist */,
				0115226D947BB6D519EA0EF6 /* PrivacyInfo.xcprivacy */,
			);
			path = Resources;
			sourceTree = "<group>";
		};
		15BE4A8BFAC562FD704CF0E9 /* Persistence */ = {
			isa = PBXGroup;
			children = (
				1C370C7ADBA88F9E1C17C2E1 /* CredentialStore.swift */,
			);
			path = Persistence;
			sourceTree = "<group>";
		};
		24173FDC55FCE192977D2E1A /* Features */ = {
			isa = PBXGroup;
			children = (
				CCA42FEFD53B34FE0CB00B72 /* Agent */,
				BE5A8A5D9343D415539C3AD8 /* Composer */,
				9BD8E5D0EE36D15B4983E639 /* Conversations */,
				0E45821296C5093A41DB9EA0 /* Pairing */,
				FA3179E92ACF1637BD27B8BC /* Transcript */,
			);
			path = Features;
			sourceTree = "<group>";
		};
		2F0B3E06209EE85B5D06292B /* Config */ = {
			isa = PBXGroup;
			children = (
				372E1ADBEE23857F755B87A7 /* Base.xcconfig */,
			);
			path = Config;
			sourceTree = "<group>";
		};
		3B27887B5DC4CF7093A67CA8 /* App */ = {
			isa = PBXGroup;
			children = (
				E556359BF68F1642E3BA0FA5 /* AppModel.swift */,
				446892BB5B365737EE00315F /* LunaApp.swift */,
				4FAFADCFD36370FA374DB042 /* PreviewFixtures.swift */,
				0EBD08A622DC05B5D6C4BA28 /* RootView.swift */,
				8489E32B1B544E45875F735D /* ServerConfiguration.swift */,
			);
			path = App;
			sourceTree = "<group>";
		};
		561DF00A51072B22238E0036 /* LunaTests */ = {
			isa = PBXGroup;
			children = (
				D52EB1E0C99044C5EA937635 /* AgentControlsTests.swift */,
				7541218330E7B427920F4074 /* ComposerTests.swift */,
				AF07C179E6289F68DAA211AD /* ConversationStateTests.swift */,
				302CDA3842D14DAA19FB466F /* ConversationStoreTests.swift */,
				BDF59CED60218ECEC6977138 /* LunaTests.swift */,
				D800357345CADB742046B83B /* LunaTimeTests.swift */,
				E9A36CC818E30F432A856BF7 /* MarkdownTests.swift */,
				F65C6B3ABF9AC0E142BCDC55 /* NetworkingTests.swift */,
				2D02B47A7E4945E3F685C892 /* PairingTests.swift */,
				FB0A80C2D2C9CD3BC17BF432 /* ProtocolTests.swift */,
			);
			path = LunaTests;
			sourceTree = "<group>";
		};
		9BD8E5D0EE36D15B4983E639 /* Conversations */ = {
			isa = PBXGroup;
			children = (
				D7E74A437020C38E3448B41E /* ConversationShellView.swift */,
				AF280810D22370DA77BDEC31 /* ConversationSidebar.swift */,
			);
			path = Conversations;
			sourceTree = "<group>";
		};
		9D8E91BF2481FEE4DE33F5E2 /* LunaUITests */ = {
			isa = PBXGroup;
			children = (
				37224358526A57AC70F20BA0 /* LunaUITests.swift */,
			);
			path = LunaUITests;
			sourceTree = "<group>";
		};
		9E8C455FC2E13DAAEF9E9550 /* Networking */ = {
			isa = PBXGroup;
			children = (
				D9BE9D9ED57041FAB2589F3D /* APIClient.swift */,
				19DB4F9947491A7E033BA1FA /* AuthenticatedImageLoader.swift */,
				7B6FD795A42FF1192A72569D /* EventSource.swift */,
				3299407BD23BA1484448E336 /* MultipartForm.swift */,
			);
			path = Networking;
			sourceTree = "<group>";
		};
		BCE224A24DD6FDE472019650 = {
			isa = PBXGroup;
			children = (
				2F0B3E06209EE85B5D06292B /* Config */,
				CD6164EF533913AF3497943F /* Luna */,
				561DF00A51072B22238E0036 /* LunaTests */,
				9D8E91BF2481FEE4DE33F5E2 /* LunaUITests */,
				0E258EAC185F83A209546F0A /* Products */,
			);
			sourceTree = "<group>";
		};
		BE5A8A5D9343D415539C3AD8 /* Composer */ = {
			isa = PBXGroup;
			children = (
				F77EA033D26FA403D3E29B40 /* ComposerDraft.swift */,
				6D0BD429F1A21CC066B7E0C0 /* ConversationComposerView.swift */,
				07513D9CF7E8AE8D866C482F /* NativeComposerInputs.swift */,
				7361076F67DAD7EF6080ACFE /* VoiceRecorder.swift */,
			);
			path = Composer;
			sourceTree = "<group>";
		};
		C3BC8C717F081C2E00C316BF /* State */ = {
			isa = PBXGroup;
			children = (
				994F478C79239B9A8C3F52C0 /* ConversationState.swift */,
				0695B7744D91951C5A34E305 /* ConversationStore.swift */,
			);
			path = State;
			sourceTree = "<group>";
		};
		CCA42FEFD53B34FE0CB00B72 /* Agent */ = {
			isa = PBXGroup;
			children = (
				1FBA06C0C3B81E8D0960DAF5 /* AgentControlsView.swift */,
			);
			path = Agent;
			sourceTree = "<group>";
		};
		CD6164EF533913AF3497943F /* Luna */ = {
			isa = PBXGroup;
			children = (
				3B27887B5DC4CF7093A67CA8 /* App */,
				FE75757541EB4AB9E009A5DE /* DesignSystem */,
				24173FDC55FCE192977D2E1A /* Features */,
				9E8C455FC2E13DAAEF9E9550 /* Networking */,
				15BE4A8BFAC562FD704CF0E9 /* Persistence */,
				E756513B71C6D3794F7C07C9 /* Protocol */,
				12971DFAF428E4EFE9F84F7E /* Resources */,
				C3BC8C717F081C2E00C316BF /* State */,
			);
			path = Luna;
			sourceTree = "<group>";
		};
		E260C5F21734E1137034CCAC /* Generated */ = {
			isa = PBXGroup;
			children = (
				D71B1EBDBBB361F97F8E020B /* LunaColors.swift */,
			);
			name = Generated;
			sourceTree = "<group>";
		};
		E756513B71C6D3794F7C07C9 /* Protocol */ = {
			isa = PBXGroup;
			children = (
				500F918CCAAA34D0F020DA8B /* APIModels.swift */,
				10DD83F26A896CBD3D7BB2BC /* Entities.swift */,
				3BBCE5382FCDBEC76F3E0884 /* Events.swift */,
			);
			path = Protocol;
			sourceTree = "<group>";
		};
		FA3179E92ACF1637BD27B8BC /* Transcript */ = {
			isa = PBXGroup;
			children = (
				C04A59F739F0222CEDB8885F /* CodeHighlighter.swift */,
				BB5BE7E52636B4529580B80B /* ConversationTranscriptView.swift */,
				D57DA3D0C9E7F119F8B76BDD /* MarkdownDocument.swift */,
				E615B4F62478DD81610EC904 /* MarkdownView.swift */,
			);
			path = Transcript;
			sourceTree = "<group>";
		};
		FE75757541EB4AB9E009A5DE /* DesignSystem */ = {
			isa = PBXGroup;
			children = (
				E260C5F21734E1137034CCAC /* Generated */,
				736E33EAB2B5AA9512E1F8B0 /* AuthenticatedImageView.swift */,
				9561CCFA4B4C5A8F4DA3030D /* LunaControls.swift */,
				A63BC4C2BA97762545D5E26D /* LunaIcon.swift */,
				50AF1EC1B60EFEEA69DE151C /* LunaIconButton.swift */,
				F35B1CB79E061E08CB29C3DF /* LunaSurface.swift */,
				ECFD1B295E68E217F4E87326 /* LunaTheme.swift */,
				39D79A5020F9E11215648BD2 /* LunaTime.swift */,
			);
			path = DesignSystem;
			sourceTree = "<group>";
		};
/* End PBXGroup section */

/* Begin PBXNativeTarget section */
		6097A6542593C1955CC546D4 /* LunaUITests */ = {
			isa = PBXNativeTarget;
			buildConfigurationList = 78C6B562A9FE46C0BE6F07AF /* Build configuration list for PBXNativeTarget "LunaUITests" */;
			buildPhases = (
				5F9BF8DE002A5A64C7C2493D /* Sources */,
			);
			buildRules = (
			);
			dependencies = (
				42A7489F311C535D18A0F9C4 /* PBXTargetDependency */,
			);
			name = LunaUITests;
			packageProductDependencies = (
			);
			productName = LunaUITests;
			productReference = 494275FBF9232216D6DD62DD /* LunaUITests.xctest */;
			productType = "com.apple.product-type.bundle.ui-testing";
		};
		E154FFDE9FAFF378939D603A /* LunaTests */ = {
			isa = PBXNativeTarget;
			buildConfigurationList = 85A80063A5A7EEAFAAE82D51 /* Build configuration list for PBXNativeTarget "LunaTests" */;
			buildPhases = (
				24D1A99036E659B4F039B354 /* Sources */,
			);
			buildRules = (
			);
			dependencies = (
				C49B75F65F687A93FFD896F7 /* PBXTargetDependency */,
			);
			name = LunaTests;
			packageProductDependencies = (
			);
			productName = LunaTests;
			productReference = E239F62A1C9244159CFDE4A6 /* LunaTests.xctest */;
			productType = "com.apple.product-type.bundle.unit-test";
		};
		EDEBD772AE9343A01D9935A3 /* Luna */ = {
			isa = PBXNativeTarget;
			buildConfigurationList = 402FB2144CA133517A0F616E /* Build configuration list for PBXNativeTarget "Luna" */;
			buildPhases = (
				52D303B0782F30C5862FA0FC /* Sources */,
				D18FBD20BFCC381C6C6B544C /* Resources */,
			);
			buildRules = (
			);
			dependencies = (
			);
			name = Luna;
			packageProductDependencies = (
			);
			productName = Luna;
			productReference = D399E4DA6B951325F78CD25C /* Luna.app */;
			productType = "com.apple.product-type.application";
		};
/* End PBXNativeTarget section */

/* Begin PBXProject section */
		17A65B085E12EE34B8A63E88 /* Project object */ = {
			isa = PBXProject;
			attributes = {
				BuildIndependentTargetsInParallel = YES;
				LastUpgradeCheck = 1430;
				TargetAttributes = {
					6097A6542593C1955CC546D4 = {
						ProvisioningStyle = Automatic;
						TestTargetID = EDEBD772AE9343A01D9935A3;
					};
					E154FFDE9FAFF378939D603A = {
						ProvisioningStyle = Automatic;
					};
					EDEBD772AE9343A01D9935A3 = {
						ProvisioningStyle = Automatic;
					};
				};
			};
			buildConfigurationList = 9C7285D4C14B8A8DF926CBB7 /* Build configuration list for PBXProject "Luna" */;
			developmentRegion = en;
			hasScannedForEncodings = 0;
			knownRegions = (
				Base,
				en,
			);
			mainGroup = BCE224A24DD6FDE472019650;
			minimizedProjectReferenceProxies = 1;
			preferredProjectObjectVersion = 77;
			productRefGroup = 0E258EAC185F83A209546F0A /* Products */;
			projectDirPath = "";
			projectRoot = "";
			targets = (
				EDEBD772AE9343A01D9935A3 /* Luna */,
				E154FFDE9FAFF378939D603A /* LunaTests */,
				6097A6542593C1955CC546D4 /* LunaUITests */,
			);
		};
/* End PBXProject section */

/* Begin PBXResourcesBuildPhase section */
		D18FBD20BFCC381C6C6B544C /* Resources */ = {
			isa = PBXResourcesBuildPhase;
			buildActionMask = 2147483647;
			files = (
				F4B98DDA68748E8F38FA9E74 /* Assets.xcassets in Resources */,
				8484D71F46A61DF8FC6E8E0E /* PrivacyInfo.xcprivacy in Resources */,
			);
			runOnlyForDeploymentPostprocessing = 0;
		};
/* End PBXResourcesBuildPhase section */

/* Begin PBXSourcesBuildPhase section */
		24D1A99036E659B4F039B354 /* Sources */ = {
			isa = PBXSourcesBuildPhase;
			buildActionMask = 2147483647;
			files = (
				C457C3B6B6A743B7D64EF1FE /* AgentControlsTests.swift in Sources */,
				9FC002CF6EAE2CE8DA87219A /* ComposerTests.swift in Sources */,
				C145F46484E61AF629AD4AD9 /* ConversationStateTests.swift in Sources */,
				A0C4F0AE302272715C926DB9 /* ConversationStoreTests.swift in Sources */,
				0BA4C4EF3498F60D61A34FE0 /* LunaTests.swift in Sources */,
				60A4B863CF7D50182AF219DF /* LunaTimeTests.swift in Sources */,
				79FB38B90A7B1F45FBB430B1 /* MarkdownTests.swift in Sources */,
				B9DD7592B8189322F409309D /* NetworkingTests.swift in Sources */,
				3DAE34D4A6DDAB4EE0140C5E /* PairingTests.swift in Sources */,
				93FFE8FCDE8C11B7895E2171 /* ProtocolTests.swift in Sources */,
			);
			runOnlyForDeploymentPostprocessing = 0;
		};
		52D303B0782F30C5862FA0FC /* Sources */ = {
			isa = PBXSourcesBuildPhase;
			buildActionMask = 2147483647;
			files = (
				703E3FA4F4A88D1F5BC6F6A9 /* APIClient.swift in Sources */,
				A0C990BCDF369F55ABBF2A4F /* APIModels.swift in Sources */,
				155FCF274D69E02401F3A457 /* AgentControlsView.swift in Sources */,
				7BBF6590B1B934FAFDA8BC84 /* AppModel.swift in Sources */,
				746DEBCC2CBCC91F89751784 /* AuthenticatedImageLoader.swift in Sources */,
				8D5EC7878405F2CDC13AF4DB /* AuthenticatedImageView.swift in Sources */,
				C2F36A2D4F3DA6AED2E85243 /* CodeHighlighter.swift in Sources */,
				1E319A77692B7DED7BEE0402 /* ComposerDraft.swift in Sources */,
				A50707F0A0C4C4C9C011EFFB /* ConversationComposerView.swift in Sources */,
				55B9BB28E50143DAD4976951 /* ConversationShellView.swift in Sources */,
				08A524A97215FE0EEFE4FEB9 /* ConversationSidebar.swift in Sources */,
				AA1951FBBA7C1FD2541913D4 /* ConversationState.swift in Sources */,
				C9B4CB2784C05A6A6CB1E3EA /* ConversationStore.swift in Sources */,
				A16D7BCEDFD1741F1FFEE6A4 /* ConversationTranscriptView.swift in Sources */,
				63C5177BA73E69FF55428E90 /* CredentialStore.swift in Sources */,
				2B50F0AC09DE2B8DFF663CEB /* Entities.swift in Sources */,
				DF2339629C6744C3E694E6D5 /* EventSource.swift in Sources */,
				C57DD66DBB68DEAA4B849838 /* Events.swift in Sources */,
				5024609EE38307661CBC945C /* LunaApp.swift in Sources */,
				F1E660AE60F6AE48AD6C89AD /* LunaColors.swift in Sources */,
				ECFE0E7A759B6EFEFA185537 /* LunaControls.swift in Sources */,
				AD3445321C1D0415A74992A7 /* LunaIcon.swift in Sources */,
				1BC36092F2B3D81B85ADD779 /* LunaIconButton.swift in Sources */,
				CDA4FBE97FDCE7142D786FE7 /* LunaSurface.swift in Sources */,
				8A551BB80F78B6EB3575F6E2 /* LunaTheme.swift in Sources */,
				1B8224EAE0A4611AF5D043FA /* LunaTime.swift in Sources */,
				02524708F5CAA639246EC2A4 /* MarkdownDocument.swift in Sources */,
				8FD54FEB77B276E4D3A0302B /* MarkdownView.swift in Sources */,
				17C99E4C508FB16C3508A883 /* MultipartForm.swift in Sources */,
				E565027D51984EC95E5ACB47 /* NativeComposerInputs.swift in Sources */,
				45DB3855FB7B9F2F63A94E4B /* PairingView.swift in Sources */,
				C07AD33770DB2AAE5E586782 /* PreviewFixtures.swift in Sources */,
				3EA48570E5A5D7725E448D37 /* RootView.swift in Sources */,
				C68DA4A7E0EA7E8D80BA1CDA /* ServerConfiguration.swift in Sources */,
				EA2B1C71A210199090456930 /* VoiceRecorder.swift in Sources */,
			);
			runOnlyForDeploymentPostprocessing = 0;
		};
		5F9BF8DE002A5A64C7C2493D /* Sources */ = {
			isa = PBXSourcesBuildPhase;
			buildActionMask = 2147483647;
			files = (
				009C4FA87B69845E549718C2 /* LunaUITests.swift in Sources */,
			);
			runOnlyForDeploymentPostprocessing = 0;
		};
/* End PBXSourcesBuildPhase section */

/* Begin PBXTargetDependency section */
		42A7489F311C535D18A0F9C4 /* PBXTargetDependency */ = {
			isa = PBXTargetDependency;
			target = EDEBD772AE9343A01D9935A3 /* Luna */;
			targetProxy = 1742D0172AC004705B85CEA2 /* PBXContainerItemProxy */;
		};
		C49B75F65F687A93FFD896F7 /* PBXTargetDependency */ = {
			isa = PBXTargetDependency;
			target = EDEBD772AE9343A01D9935A3 /* Luna */;
			targetProxy = BC1046BB5CD7822DCC1A58D2 /* PBXContainerItemProxy */;
		};
/* End PBXTargetDependency section */

/* Begin XCBuildConfiguration section */
		123CBB575894360522FE36FA /* Release */ = {
			isa = XCBuildConfiguration;
			buildSettings = {
				BUNDLE_LOADER = "$(TEST_HOST)";
				GENERATE_INFOPLIST_FILE = YES;
				LD_RUNPATH_SEARCH_PATHS = (
					"$(inherited)",
					"@executable_path/Frameworks",
					"@loader_path/Frameworks",
				);
				PRODUCT_BUNDLE_IDENTIFIER = com.yannickherrero.luna.tests;
				SDKROOT = iphoneos;
				TARGETED_DEVICE_FAMILY = "1,2";
				TEST_HOST = "$(BUILT_PRODUCTS_DIR)/Luna.app/$(BUNDLE_EXECUTABLE_FOLDER_PATH)/Luna";
			};
			name = Release;
		};
		1969CB8D53AF6852AF716F72 /* Release */ = {
			isa = XCBuildConfiguration;
			baseConfigurationReference = 372E1ADBEE23857F755B87A7 /* Base.xcconfig */;
			buildSettings = {
				ALWAYS_SEARCH_USER_PATHS = NO;
				CLANG_ANALYZER_NONNULL = YES;
				CLANG_ANALYZER_NUMBER_OBJECT_CONVERSION = YES_AGGRESSIVE;
				CLANG_CXX_LANGUAGE_STANDARD = "gnu++14";
				CLANG_CXX_LIBRARY = "libc++";
				CLANG_ENABLE_MODULES = YES;
				CLANG_ENABLE_OBJC_ARC = YES;
				CLANG_ENABLE_OBJC_WEAK = YES;
				CLANG_WARN_BLOCK_CAPTURE_AUTORELEASING = YES;
				CLANG_WARN_BOOL_CONVERSION = YES;
				CLANG_WARN_COMMA = YES;
				CLANG_WARN_CONSTANT_CONVERSION = YES;
				CLANG_WARN_DEPRECATED_OBJC_IMPLEMENTATIONS = YES;
				CLANG_WARN_DIRECT_OBJC_ISA_USAGE = YES_ERROR;
				CLANG_WARN_DOCUMENTATION_COMMENTS = YES;
				CLANG_WARN_EMPTY_BODY = YES;
				CLANG_WARN_ENUM_CONVERSION = YES;
				CLANG_WARN_INFINITE_RECURSION = YES;
				CLANG_WARN_INT_CONVERSION = YES;
				CLANG_WARN_NON_LITERAL_NULL_CONVERSION = YES;
				CLANG_WARN_OBJC_IMPLICIT_RETAIN_SELF = YES;
				CLANG_WARN_OBJC_LITERAL_CONVERSION = YES;
				CLANG_WARN_OBJC_ROOT_CLASS = YES_ERROR;
				CLANG_WARN_QUOTED_INCLUDE_IN_FRAMEWORK_HEADER = YES;
				CLANG_WARN_RANGE_LOOP_ANALYSIS = YES;
				CLANG_WARN_STRICT_PROTOTYPES = YES;
				CLANG_WARN_SUSPICIOUS_MOVE = YES;
				CLANG_WARN_UNGUARDED_AVAILABILITY = YES_AGGRESSIVE;
				CLANG_WARN_UNREACHABLE_CODE = YES;
				CLANG_WARN__DUPLICATE_METHOD_MATCH = YES;
				CODE_SIGN_STYLE = Automatic;
				COPY_PHASE_STRIP = NO;
				CURRENT_PROJECT_VERSION = 1;
				DEBUG_INFORMATION_FORMAT = "dwarf-with-dsym";
				DEVELOPMENT_LANGUAGE = en;
				ENABLE_NS_ASSERTIONS = NO;
				ENABLE_STRICT_OBJC_MSGSEND = YES;
				ENABLE_USER_SCRIPT_SANDBOXING = YES;
				GCC_C_LANGUAGE_STANDARD = gnu11;
				GCC_NO_COMMON_BLOCKS = YES;
				GCC_WARN_64_TO_32_BIT_CONVERSION = YES;
				GCC_WARN_ABOUT_RETURN_TYPE = YES_ERROR;
				GCC_WARN_UNDECLARED_SELECTOR = YES;
				GCC_WARN_UNINITIALIZED_AUTOS = YES_AGGRESSIVE;
				GCC_WARN_UNUSED_FUNCTION = YES;
				GCC_WARN_UNUSED_VARIABLE = YES;
				IPHONEOS_DEPLOYMENT_TARGET = 18.0;
				LOCALIZATION_PREFERS_STRING_CATALOGS = YES;
				MARKETING_VERSION = 1.0.0;
				MTL_ENABLE_DEBUG_INFO = NO;
				MTL_FAST_MATH = YES;
				PRODUCT_NAME = "$(TARGET_NAME)";
				SDKROOT = iphoneos;
				SWIFT_COMPILATION_MODE = wholemodule;
				SWIFT_OPTIMIZATION_LEVEL = "-O";
				SWIFT_STRICT_CONCURRENCY = complete;
				SWIFT_VERSION = 6.0;
				TARGETED_DEVICE_FAMILY = "1,2";
			};
			name = Release;
		};
		5626C0A7F045C536DD54C1E3 /* Debug */ = {
			isa = XCBuildConfiguration;
			buildSettings = {
				BUNDLE_LOADER = "$(TEST_HOST)";
				GENERATE_INFOPLIST_FILE = YES;
				LD_RUNPATH_SEARCH_PATHS = (
					"$(inherited)",
					"@executable_path/Frameworks",
					"@loader_path/Frameworks",
				);
				PRODUCT_BUNDLE_IDENTIFIER = com.yannickherrero.luna.uitests;
				SDKROOT = iphoneos;
				TARGETED_DEVICE_FAMILY = "1,2";
				TEST_TARGET_NAME = Luna;
			};
			name = Debug;
		};
		7F703E77CD98E5A0AF56F0A6 /* Debug */ = {
			isa = XCBuildConfiguration;
			buildSettings = {
				BUNDLE_LOADER = "$(TEST_HOST)";
				GENERATE_INFOPLIST_FILE = YES;
				LD_RUNPATH_SEARCH_PATHS = (
					"$(inherited)",
					"@executable_path/Frameworks",
					"@loader_path/Frameworks",
				);
				PRODUCT_BUNDLE_IDENTIFIER = com.yannickherrero.luna.tests;
				SDKROOT = iphoneos;
				TARGETED_DEVICE_FAMILY = "1,2";
				TEST_HOST = "$(BUILT_PRODUCTS_DIR)/Luna.app/$(BUNDLE_EXECUTABLE_FOLDER_PATH)/Luna";
			};
			name = Debug;
		};
		84D2771497886F76A490F2BD /* Debug */ = {
			isa = XCBuildConfiguration;
			buildSettings = {
				ASSETCATALOG_COMPILER_APPICON_NAME = AppIcon;
				ASSETCATALOG_COMPILER_GENERATE_SWIFT_ASSET_SYMBOL_EXTENSIONS = YES;
				CODE_SIGN_IDENTITY = "iPhone Developer";
				INFOPLIST_FILE = Luna/Resources/Info.plist;
				LD_RUNPATH_SEARCH_PATHS = (
					"$(inherited)",
					"@executable_path/Frameworks",
				);
				PRODUCT_BUNDLE_IDENTIFIER = com.yannickherrero.luna;
				PRODUCT_NAME = Luna;
				SDKROOT = iphoneos;
				SUPPORTS_MACCATALYST = NO;
				TARGETED_DEVICE_FAMILY = "1,2";
			};
			name = Debug;
		};
		A656E583166AE2A51EF0E151 /* Debug */ = {
			isa = XCBuildConfiguration;
			baseConfigurationReference = 372E1ADBEE23857F755B87A7 /* Base.xcconfig */;
			buildSettings = {
				ALWAYS_SEARCH_USER_PATHS = NO;
				CLANG_ANALYZER_NONNULL = YES;
				CLANG_ANALYZER_NUMBER_OBJECT_CONVERSION = YES_AGGRESSIVE;
				CLANG_CXX_LANGUAGE_STANDARD = "gnu++14";
				CLANG_CXX_LIBRARY = "libc++";
				CLANG_ENABLE_MODULES = YES;
				CLANG_ENABLE_OBJC_ARC = YES;
				CLANG_ENABLE_OBJC_WEAK = YES;
				CLANG_WARN_BLOCK_CAPTURE_AUTORELEASING = YES;
				CLANG_WARN_BOOL_CONVERSION = YES;
				CLANG_WARN_COMMA = YES;
				CLANG_WARN_CONSTANT_CONVERSION = YES;
				CLANG_WARN_DEPRECATED_OBJC_IMPLEMENTATIONS = YES;
				CLANG_WARN_DIRECT_OBJC_ISA_USAGE = YES_ERROR;
				CLANG_WARN_DOCUMENTATION_COMMENTS = YES;
				CLANG_WARN_EMPTY_BODY = YES;
				CLANG_WARN_ENUM_CONVERSION = YES;
				CLANG_WARN_INFINITE_RECURSION = YES;
				CLANG_WARN_INT_CONVERSION = YES;
				CLANG_WARN_NON_LITERAL_NULL_CONVERSION = YES;
				CLANG_WARN_OBJC_IMPLICIT_RETAIN_SELF = YES;
				CLANG_WARN_OBJC_LITERAL_CONVERSION = YES;
				CLANG_WARN_OBJC_ROOT_CLASS = YES_ERROR;
				CLANG_WARN_QUOTED_INCLUDE_IN_FRAMEWORK_HEADER = YES;
				CLANG_WARN_RANGE_LOOP_ANALYSIS = YES;
				CLANG_WARN_STRICT_PROTOTYPES = YES;
				CLANG_WARN_SUSPICIOUS_MOVE = YES;
				CLANG_WARN_UNGUARDED_AVAILABILITY = YES_AGGRESSIVE;
				CLANG_WARN_UNREACHABLE_CODE = YES;
				CLANG_WARN__DUPLICATE_METHOD_MATCH = YES;
				CODE_SIGN_STYLE = Automatic;
				COPY_PHASE_STRIP = NO;
				CURRENT_PROJECT_VERSION = 1;
				DEBUG_INFORMATION_FORMAT = dwarf;
				DEVELOPMENT_LANGUAGE = en;
				ENABLE_STRICT_OBJC_MSGSEND = YES;
				ENABLE_USER_SCRIPT_SANDBOXING = YES;
				GCC_C_LANGUAGE_STANDARD = gnu11;
				GCC_DYNAMIC_NO_PIC = NO;
				GCC_NO_COMMON_BLOCKS = YES;
				GCC_OPTIMIZATION_LEVEL = 0;
				GCC_PREPROCESSOR_DEFINITIONS = (
					"$(inherited)",
					"DEBUG=1",
				);
				GCC_WARN_64_TO_32_BIT_CONVERSION = YES;
				GCC_WARN_ABOUT_RETURN_TYPE = YES_ERROR;
				GCC_WARN_UNDECLARED_SELECTOR = YES;
				GCC_WARN_UNINITIALIZED_AUTOS = YES_AGGRESSIVE;
				GCC_WARN_UNUSED_FUNCTION = YES;
				GCC_WARN_UNUSED_VARIABLE = YES;
				IPHONEOS_DEPLOYMENT_TARGET = 18.0;
				LOCALIZATION_PREFERS_STRING_CATALOGS = YES;
				MARKETING_VERSION = 1.0.0;
				MTL_ENABLE_DEBUG_INFO = INCLUDE_SOURCE;
				MTL_FAST_MATH = YES;
				ONLY_ACTIVE_ARCH = YES;
				PRODUCT_NAME = "$(TARGET_NAME)";
				SDKROOT = iphoneos;
				SWIFT_ACTIVE_COMPILATION_CONDITIONS = DEBUG;
				SWIFT_OPTIMIZATION_LEVEL = "-Onone";
				SWIFT_STRICT_CONCURRENCY = complete;
				SWIFT_VERSION = 6.0;
				TARGETED_DEVICE_FAMILY = "1,2";
			};
			name = Debug;
		};
		AF3E0CA3D7359222A764DEE5 /* Release */ = {
			isa = XCBuildConfiguration;
			buildSettings = {
				BUNDLE_LOADER = "$(TEST_HOST)";
				GENERATE_INFOPLIST_FILE = YES;
				LD_RUNPATH_SEARCH_PATHS = (
					"$(inherited)",
					"@executable_path/Frameworks",
					"@loader_path/Frameworks",
				);
				PRODUCT_BUNDLE_IDENTIFIER = com.yannickherrero.luna.uitests;
				SDKROOT = iphoneos;
				TARGETED_DEVICE_FAMILY = "1,2";
				TEST_TARGET_NAME = Luna;
			};
			name = Release;
		};
		E4B091AB0A6F3EA401007C21 /* Release */ = {
			isa = XCBuildConfiguration;
			buildSettings = {
				ASSETCATALOG_COMPILER_APPICON_NAME = AppIcon;
				ASSETCATALOG_COMPILER_GENERATE_SWIFT_ASSET_SYMBOL_EXTENSIONS = YES;
				CODE_SIGN_IDENTITY = "iPhone Developer";
				INFOPLIST_FILE = Luna/Resources/Info.plist;
				LD_RUNPATH_SEARCH_PATHS = (
					"$(inherited)",
					"@executable_path/Frameworks",
				);
				PRODUCT_BUNDLE_IDENTIFIER = com.yannickherrero.luna;
				PRODUCT_NAME = Luna;
				SDKROOT = iphoneos;
				SUPPORTS_MACCATALYST = NO;
				TARGETED_DEVICE_FAMILY = "1,2";
			};
			name = Release;
		};
/* End XCBuildConfiguration section */

/* Begin XCConfigurationList section */
		402FB2144CA133517A0F616E /* Build configuration list for PBXNativeTarget "Luna" */ = {
			isa = XCConfigurationList;
			buildConfigurations = (
				84D2771497886F76A490F2BD /* Debug */,
				E4B091AB0A6F3EA401007C21 /* Release */,
			);
			defaultConfigurationIsVisible = 0;
			defaultConfigurationName = Debug;
		};
		78C6B562A9FE46C0BE6F07AF /* Build configuration list for PBXNativeTarget "LunaUITests" */ = {
			isa = XCConfigurationList;
			buildConfigurations = (
				5626C0A7F045C536DD54C1E3 /* Debug */,
				AF3E0CA3D7359222A764DEE5 /* Release */,
			);
			defaultConfigurationIsVisible = 0;
			defaultConfigurationName = Debug;
		};
		85A80063A5A7EEAFAAE82D51 /* Build configuration list for PBXNativeTarget "LunaTests" */ = {
			isa = XCConfigurationList;
			buildConfigurations = (
				7F703E77CD98E5A0AF56F0A6 /* Debug */,
				123CBB575894360522FE36FA /* Release */,
			);
			defaultConfigurationIsVisible = 0;
			defaultConfigurationName = Debug;
		};
		9C7285D4C14B8A8DF926CBB7 /* Build configuration list for PBXProject "Luna" */ = {
			isa = XCConfigurationList;
			buildConfigurations = (
				A656E583166AE2A51EF0E151 /* Debug */,
				1969CB8D53AF6852AF716F72 /* Release */,
			);
			defaultConfigurationIsVisible = 0;
			defaultConfigurationName = Debug;
		};
/* End XCConfigurationList section */
	};
	rootObject = 17A65B085E12EE34B8A63E88 /* Project object */;
}
