// !$*UTF8*$!
{
	archiveVersion = 1;
	classes = {
	};
	objectVersion = 77;
	objects = {

/* Begin PBXBuildFile section */
		009C4FA87B69845E549718C2 /* LunaUITests.swift in Sources */ = {isa = PBXBuildFile; fileRef = 37224358526A57AC70F20BA0 /* LunaUITests.swift */; };
		0BA4C4EF3498F60D61A34FE0 /* LunaTests.swift in Sources */ = {isa = PBXBuildFile; fileRef = BDF59CED60218ECEC6977138 /* LunaTests.swift */; };
		2B50F0AC09DE2B8DFF663CEB /* Entities.swift in Sources */ = {isa = PBXBuildFile; fileRef = 10DD83F26A896CBD3D7BB2BC /* Entities.swift */; };
		3EA48570E5A5D7725E448D37 /* RootView.swift in Sources */ = {isa = PBXBuildFile; fileRef = 0EBD08A622DC05B5D6C4BA28 /* RootView.swift */; };
		5024609EE38307661CBC945C /* LunaApp.swift in Sources */ = {isa = PBXBuildFile; fileRef = 446892BB5B365737EE00315F /* LunaApp.swift */; };
		8A551BB80F78B6EB3575F6E2 /* LunaTheme.swift in Sources */ = {isa = PBXBuildFile; fileRef = ECFD1B295E68E217F4E87326 /* LunaTheme.swift */; };
		93FFE8FCDE8C11B7895E2171 /* ProtocolTests.swift in Sources */ = {isa = PBXBuildFile; fileRef = FB0A80C2D2C9CD3BC17BF432 /* ProtocolTests.swift */; };
		A0C990BCDF369F55ABBF2A4F /* APIModels.swift in Sources */ = {isa = PBXBuildFile; fileRef = 500F918CCAAA34D0F020DA8B /* APIModels.swift */; };
		AD3445321C1D0415A74992A7 /* LunaIcon.swift in Sources */ = {isa = PBXBuildFile; fileRef = A63BC4C2BA97762545D5E26D /* LunaIcon.swift */; };
		C57DD66DBB68DEAA4B849838 /* Events.swift in Sources */ = {isa = PBXBuildFile; fileRef = 3BBCE5382FCDBEC76F3E0884 /* Events.swift */; };
		CDA4FBE97FDCE7142D786FE7 /* LunaSurface.swift in Sources */ = {isa = PBXBuildFile; fileRef = F35B1CB79E061E08CB29C3DF /* LunaSurface.swift */; };
		F1E660AE60F6AE48AD6C89AD /* LunaColors.swift in Sources */ = {isa = PBXBuildFile; fileRef = D71B1EBDBBB361F97F8E020B /* LunaColors.swift */; };
		F4B98DDA68748E8F38FA9E74 /* Assets.xcassets in Resources */ = {isa = PBXBuildFile; fileRef = 8C77C10BEEA3129002A168D6 /* Assets.xcassets */; };
/* End PBXBuildFile section */

/* Begin PBXContainerItemProxy section */
		1742D0172AC004705B85CEA2 /* PBXContainerItemProxy */ = {
			isa = PBXContainerItemProxy;
			containerPortal = 17A65B085E12EE34B8A63E88 /* Project object */;
			proxyType = 1;
			remoteGlobalIDString = EDEBD772AE9343A01D9935A3;
			remoteInfo = Luna;
		};
		BC1046BB5CD7822DCC1A58D2 /* PBXContainerItemProxy */ = {
			isa = PBXContainerItemProxy;
			containerPortal = 17A65B085E12EE34B8A63E88 /* Project object */;
			proxyType = 1;
			remoteGlobalIDString = EDEBD772AE9343A01D9935A3;
			remoteInfo = Luna;
		};
/* End PBXContainerItemProxy section */

/* Begin PBXFileReference section */
		0EBD08A622DC05B5D6C4BA28 /* RootView.swift */ = {isa = PBXFileReference; lastKnownFileType = sourcecode.swift; path = RootView.swift; sourceTree = "<group>"; };
		10DD83F26A896CBD3D7BB2BC /* Entities.swift */ = {isa = PBXFileReference; lastKnownFileType = sourcecode.swift; path = Entities.swift; sourceTree = "<group>"; };
		37224358526A57AC70F20BA0 /* LunaUITests.swift */ = {isa = PBXFileReference; lastKnownFileType = sourcecode.swift; path = LunaUITests.swift; sourceTree = "<group>"; };
		3BBCE5382FCDBEC76F3E0884 /* Events.swift */ = {isa = PBXFileReference; lastKnownFileType = sourcecode.swift; path = Events.swift; sourceTree = "<group>"; };
		446892BB5B365737EE00315F /* LunaApp.swift */ = {isa = PBXFileReference; lastKnownFileType = sourcecode.swift; path = LunaApp.swift; sourceTree = "<group>"; };
		494275FBF9232216D6DD62DD /* LunaUITests.xctest */ = {isa = PBXFileReference; includeInIndex = 0; lastKnownFileType = wrapper.cfbundle; path = LunaUITests.xctest; sourceTree = BUILT_PRODUCTS_DIR; };
		500F918CCAAA34D0F020DA8B /* APIModels.swift */ = {isa = PBXFileReference; lastKnownFileType = sourcecode.swift; path = APIModels.swift; sourceTree = "<group>"; };
		8C77C10BEEA3129002A168D6 /* Assets.xcassets */ = {isa = PBXFileReference; lastKnownFileType = folder.assetcatalog; path = Assets.xcassets; sourceTree = "<group>"; };
		A63BC4C2BA97762545D5E26D /* LunaIcon.swift */ = {isa = PBXFileReference; lastKnownFileType = sourcecode.swift; path = LunaIcon.swift; sourceTree = "<group>"; };
		BDF59CED60218ECEC6977138 /* LunaTests.swift */ = {isa = PBXFileReference; lastKnownFileType = sourcecode.swift; path = LunaTests.swift; sourceTree = "<group>"; };
		D399E4DA6B951325F78CD25C /* Luna.app */ = {isa = PBXFileReference; includeInIndex = 0; lastKnownFileType = wrapper.application; path = Luna.app; sourceTree = BUILT_PRODUCTS_DIR; };
		D71B1EBDBBB361F97F8E020B /* LunaColors.swift */ = {isa = PBXFileReference; lastKnownFileType = sourcecode.swift; name = LunaColors.swift; path = "../../../../packages/design-tokens/generated/LunaColors.swift"; sourceTree = "<group>"; };
		E239F62A1C9244159CFDE4A6 /* LunaTests.xctest */ = {isa = PBXFileReference; includeInIndex = 0; lastKnownFileType = wrapper.cfbundle; path = LunaTests.xctest; sourceTree = BUILT_PRODUCTS_DIR; };
		ECFD1B295E68E217F4E87326 /* LunaTheme.swift */ = {isa = PBXFileReference; lastKnownFileType = sourcecode.swift; path = LunaTheme.swift; sourceTree = "<group>"; };
		F35B1CB79E061E08CB29C3DF /* LunaSurface.swift */ = {isa = PBXFileReference; lastKnownFileType = sourcecode.swift; path = LunaSurface.swift; sourceTree = "<group>"; };
		FB0A80C2D2C9CD3BC17BF432 /* ProtocolTests.swift */ = {isa = PBXFileReference; lastKnownFileType = sourcecode.swift; path = ProtocolTests.swift; sourceTree = "<group>"; };
/* End PBXFileReference section */

/* Begin PBXGroup section */
		0E258EAC185F83A209546F0A /* Products */ = {
			isa = PBXGroup;
			children = (
				D399E4DA6B951325F78CD25C /* Luna.app */,
				E239F62A1C9244159CFDE4A6 /* LunaTests.xctest */,
				494275FBF9232216D6DD62DD /* LunaUITests.xctest */,
			);
			name = Products;
			sourceTree = "<group>";
		};
		12971DFAF428E4EFE9F84F7E /* Resources */ = {
			isa = PBXGroup;
			children = (
				8C77C10BEEA3129002A168D6 /* Assets.xcassets */,
			);
			path = Resources;
			sourceTree = "<group>";
		};
		3B27887B5DC4CF7093A67CA8 /* App */ = {
			isa = PBXGroup;
			children = (
				446892BB5B365737EE00315F /* LunaApp.swift */,
				0EBD08A622DC05B5D6C4BA28 /* RootView.swift */,
			);
			path = App;
			sourceTree = "<group>";
		};
		561DF00A51072B22238E0036 /* LunaTests */ = {
			isa = PBXGroup;
			children = (
				BDF59CED60218ECEC6977138 /* LunaTests.swift */,
				FB0A80C2D2C9CD3BC17BF432 /* ProtocolTests.swift */,
			);
			path = LunaTests;
			sourceTree = "<group>";
		};
		9D8E91BF2481FEE4DE33F5E2 /* LunaUITests */ = {
			isa = PBXGroup;
			children = (
				37224358526A57AC70F20BA0 /* LunaUITests.swift */,
			);
			path = LunaUITests;
			sourceTree = "<group>";
		};
		BCE224A24DD6FDE472019650 = {
			isa = PBXGroup;
			children = (
				CD6164EF533913AF3497943F /* Luna */,
				561DF00A51072B22238E0036 /* LunaTests */,
				9D8E91BF2481FEE4DE33F5E2 /* LunaUITests */,
				0E258EAC185F83A209546F0A /* Products */,
			);
			sourceTree = "<group>";
		};
		CD6164EF533913AF3497943F /* Luna */ = {
			isa = PBXGroup;
			children = (
				3B27887B5DC4CF7093A67CA8 /* App */,
				FE75757541EB4AB9E009A5DE /* DesignSystem */,
				E756513B71C6D3794F7C07C9 /* Protocol */,
				12971DFAF428E4EFE9F84F7E /* Resources */,
			);
			path = Luna;
			sourceTree = "<group>";
		};
		E260C5F21734E1137034CCAC /* Generated */ = {
			isa = PBXGroup;
			children = (
				D71B1EBDBBB361F97F8E020B /* LunaColors.swift */,
			);
			name = Generated;
			sourceTree = "<group>";
		};
		E756513B71C6D3794F7C07C9 /* Protocol */ = {
			isa = PBXGroup;
			children = (
				500F918CCAAA34D0F020DA8B /* APIModels.swift */,
				10DD83F26A896CBD3D7BB2BC /* Entities.swift */,
				3BBCE5382FCDBEC76F3E0884 /* Events.swift */,
			);
			path = Protocol;
			sourceTree = "<group>";
		};
		FE75757541EB4AB9E009A5DE /* DesignSystem */ = {
			isa = PBXGroup;
			children = (
				E260C5F21734E1137034CCAC /* Generated */,
				A63BC4C2BA97762545D5E26D /* LunaIcon.swift */,
				F35B1CB79E061E08CB29C3DF /* LunaSurface.swift */,
				ECFD1B295E68E217F4E87326 /* LunaTheme.swift */,
			);
			path = DesignSystem;
			sourceTree = "<group>";
		};
/* End PBXGroup section */

/* Begin PBXNativeTarget section */
		6097A6542593C1955CC546D4 /* LunaUITests */ = {
			isa = PBXNativeTarget;
			buildConfigurationList = 78C6B562A9FE46C0BE6F07AF /* Build configuration list for PBXNativeTarget "LunaUITests" */;
			buildPhases = (
				5F9BF8DE002A5A64C7C2493D /* Sources */,
			);
			buildRules = (
			);
			dependencies = (
				42A7489F311C535D18A0F9C4 /* PBXTargetDependency */,
			);
			name = LunaUITests;
			packageProductDependencies = (
			);
			productName = LunaUITests;
			productReference = 494275FBF9232216D6DD62DD /* LunaUITests.xctest */;
			productType = "com.apple.product-type.bundle.ui-testing";
		};
		E154FFDE9FAFF378939D603A /* LunaTests */ = {
			isa = PBXNativeTarget;
			buildConfigurationList = 85A80063A5A7EEAFAAE82D51 /* Build configuration list for PBXNativeTarget "LunaTests" */;
			buildPhases = (
				24D1A99036E659B4F039B354 /* Sources */,
			);
			buildRules = (
			);
			dependencies = (
				C49B75F65F687A93FFD896F7 /* PBXTargetDependency */,
			);
			name = LunaTests;
			packageProductDependencies = (
			);
			productName = LunaTests;
			productReference = E239F62A1C9244159CFDE4A6 /* LunaTests.xctest */;
			productType = "com.apple.product-type.bundle.unit-test";
		};
		EDEBD772AE9343A01D9935A3 /* Luna */ = {
			isa = PBXNativeTarget;
			buildConfigurationList = 402FB2144CA133517A0F616E /* Build configuration list for PBXNativeTarget "Luna" */;
			buildPhases = (
				52D303B0782F30C5862FA0FC /* Sources */,
				D18FBD20BFCC381C6C6B544C /* Resources */,
			);
			buildRules = (
			);
			dependencies = (
			);
			name = Luna;
			packageProductDependencies = (
			);
			productName = Luna;
			productReference = D399E4DA6B951325F78CD25C /* Luna.app */;
			productType = "com.apple.product-type.application";
		};
/* End PBXNativeTarget section */

/* Begin PBXProject section */
		17A65B085E12EE34B8A63E88 /* Project object */ = {
			isa = PBXProject;
			attributes = {
				BuildIndependentTargetsInParallel = YES;
				LastUpgradeCheck = 1430;
				TargetAttributes = {
					6097A6542593C1955CC546D4 = {
						TestTargetID = EDEBD772AE9343A01D9935A3;
					};
				};
			};
			buildConfigurationList = 9C7285D4C14B8A8DF926CBB7 /* Build configuration list for PBXProject "Luna" */;
			developmentRegion = en;
			hasScannedForEncodings = 0;
			knownRegions = (
				Base,
				en,
			);
			mainGroup = BCE224A24DD6FDE472019650;
			minimizedProjectReferenceProxies = 1;
			preferredProjectObjectVersion = 77;
			productRefGroup = 0E258EAC185F83A209546F0A /* Products */;
			projectDirPath = "";
			projectRoot = "";
			targets = (
				EDEBD772AE9343A01D9935A3 /* Luna */,
				E154FFDE9FAFF378939D603A /* LunaTests */,
				6097A6542593C1955CC546D4 /* LunaUITests */,
			);
		};
/* End PBXProject section */

/* Begin PBXResourcesBuildPhase section */
		D18FBD20BFCC381C6C6B544C /* Resources */ = {
			isa = PBXResourcesBuildPhase;
			buildActionMask = 2147483647;
			files = (
				F4B98DDA68748E8F38FA9E74 /* Assets.xcassets in Resources */,
			);
			runOnlyForDeploymentPostprocessing = 0;
		};
/* End PBXResourcesBuildPhase section */

/* Begin PBXSourcesBuildPhase section */
		24D1A99036E659B4F039B354 /* Sources */ = {
			isa = PBXSourcesBuildPhase;
			buildActionMask = 2147483647;
			files = (
				0BA4C4EF3498F60D61A34FE0 /* LunaTests.swift in Sources */,
				93FFE8FCDE8C11B7895E2171 /* ProtocolTests.swift in Sources */,
			);
			runOnlyForDeploymentPostprocessing = 0;
		};
		52D303B0782F30C5862FA0FC /* Sources */ = {
			isa = PBXSourcesBuildPhase;
			buildActionMask = 2147483647;
			files = (
				A0C990BCDF369F55ABBF2A4F /* APIModels.swift in Sources */,
				2B50F0AC09DE2B8DFF663CEB /* Entities.swift in Sources */,
				C57DD66DBB68DEAA4B849838 /* Events.swift in Sources */,
				5024609EE38307661CBC945C /* LunaApp.swift in Sources */,
				F1E660AE60F6AE48AD6C89AD /* LunaColors.swift in Sources */,
				AD3445321C1D0415A74992A7 /* LunaIcon.swift in Sources */,
				CDA4FBE97FDCE7142D786FE7 /* LunaSurface.swift in Sources */,
				8A551BB80F78B6EB3575F6E2 /* LunaTheme.swift in Sources */,
				3EA48570E5A5D7725E448D37 /* RootView.swift in Sources */,
			);
			runOnlyForDeploymentPostprocessing = 0;
		};
		5F9BF8DE002A5A64C7C2493D /* Sources */ = {
			isa = PBXSourcesBuildPhase;
			buildActionMask = 2147483647;
			files = (
				009C4FA87B69845E549718C2 /* LunaUITests.swift in Sources */,
			);
			runOnlyForDeploymentPostprocessing = 0;
		};
/* End PBXSourcesBuildPhase section */

/* Begin PBXTargetDependency section */
		42A7489F311C535D18A0F9C4 /* PBXTargetDependency */ = {
			isa = PBXTargetDependency;
			target = EDEBD772AE9343A01D9935A3 /* Luna */;
			targetProxy = 1742D0172AC004705B85CEA2 /* PBXContainerItemProxy */;
		};
		C49B75F65F687A93FFD896F7 /* PBXTargetDependency */ = {
			isa = PBXTargetDependency;
			target = EDEBD772AE9343A01D9935A3 /* Luna */;
			targetProxy = BC1046BB5CD7822DCC1A58D2 /* PBXContainerItemProxy */;
		};
/* End PBXTargetDependency section */

/* Begin XCBuildConfiguration section */
		123CBB575894360522FE36FA /* Release */ = {
			isa = XCBuildConfiguration;
			buildSettings = {
				BUNDLE_LOADER = "$(TEST_HOST)";
				GENERATE_INFOPLIST_FILE = YES;
				LD_RUNPATH_SEARCH_PATHS = (
					"$(inherited)",
					"@executable_path/Frameworks",
					"@loader_path/Frameworks",
				);
				PRODUCT_BUNDLE_IDENTIFIER = com.yannickherrero.luna.tests;
				SDKROOT = iphoneos;
				TARGETED_DEVICE_FAMILY = "1,2";
				TEST_HOST = "$(BUILT_PRODUCTS_DIR)/Luna.app/$(BUNDLE_EXECUTABLE_FOLDER_PATH)/Luna";
			};
			name = Release;
		};
		1969CB8D53AF6852AF716F72 /* Release */ = {
			isa = XCBuildConfiguration;
			buildSettings = {
				ALWAYS_SEARCH_USER_PATHS = NO;
				CLANG_ANALYZER_NONNULL = YES;
				CLANG_ANALYZER_NUMBER_OBJECT_CONVERSION = YES_AGGRESSIVE;
				CLANG_CXX_LANGUAGE_STANDARD = "gnu++14";
				CLANG_CXX_LIBRARY = "libc++";
				CLANG_ENABLE_MODULES = YES;
				CLANG_ENABLE_OBJC_ARC = YES;
				CLANG_ENABLE_OBJC_WEAK = YES;
				CLANG_WARN_BLOCK_CAPTURE_AUTORELEASING = YES;
				CLANG_WARN_BOOL_CONVERSION = YES;
				CLANG_WARN_COMMA = YES;
				CLANG_WARN_CONSTANT_CONVERSION = YES;
				CLANG_WARN_DEPRECATED_OBJC_IMPLEMENTATIONS = YES;
				CLANG_WARN_DIRECT_OBJC_ISA_USAGE = YES_ERROR;
				CLANG_WARN_DOCUMENTATION_COMMENTS = YES;
				CLANG_WARN_EMPTY_BODY = YES;
				CLANG_WARN_ENUM_CONVERSION = YES;
				CLANG_WARN_INFINITE_RECURSION = YES;
				CLANG_WARN_INT_CONVERSION = YES;
				CLANG_WARN_NON_LITERAL_NULL_CONVERSION = YES;
				CLANG_WARN_OBJC_IMPLICIT_RETAIN_SELF = YES;
				CLANG_WARN_OBJC_LITERAL_CONVERSION = YES;
				CLANG_WARN_OBJC_ROOT_CLASS = YES_ERROR;
				CLANG_WARN_QUOTED_INCLUDE_IN_FRAMEWORK_HEADER = YES;
				CLANG_WARN_RANGE_LOOP_ANALYSIS = YES;
				CLANG_WARN_STRICT_PROTOTYPES = YES;
				CLANG_WARN_SUSPICIOUS_MOVE = YES;
				CLANG_WARN_UNGUARDED_AVAILABILITY = YES_AGGRESSIVE;
				CLANG_WARN_UNREACHABLE_CODE = YES;
				CLANG_WARN__DUPLICATE_METHOD_MATCH = YES;
				COPY_PHASE_STRIP = NO;
				CURRENT_PROJECT_VERSION = 1;
				DEBUG_INFORMATION_FORMAT = "dwarf-with-dsym";
				DEVELOPMENT_LANGUAGE = en;
				ENABLE_NS_ASSERTIONS = NO;
				ENABLE_STRICT_OBJC_MSGSEND = YES;
				ENABLE_USER_SCRIPT_SANDBOXING = YES;
				GCC_C_LANGUAGE_STANDARD = gnu11;
				GCC_NO_COMMON_BLOCKS = YES;
				GCC_WARN_64_TO_32_BIT_CONVERSION = YES;
				GCC_WARN_ABOUT_RETURN_TYPE = YES_ERROR;
				GCC_WARN_UNDECLARED_SELECTOR = YES;
				GCC_WARN_UNINITIALIZED_AUTOS = YES_AGGRESSIVE;
				GCC_WARN_UNUSED_FUNCTION = YES;
				GCC_WARN_UNUSED_VARIABLE = YES;
				IPHONEOS_DEPLOYMENT_TARGET = 18.0;
				LOCALIZATION_PREFERS_STRING_CATALOGS = YES;
				MARKETING_VERSION = 1.0.0;
				MTL_ENABLE_DEBUG_INFO = NO;
				MTL_FAST_MATH = YES;
				PRODUCT_NAME = "$(TARGET_NAME)";
				SDKROOT = iphoneos;
				SWIFT_COMPILATION_MODE = wholemodule;
				SWIFT_OPTIMIZATION_LEVEL = "-O";
				SWIFT_STRICT_CONCURRENCY = complete;
				SWIFT_VERSION = 6.0;
				TARGETED_DEVICE_FAMILY = "1,2";
			};
			name = Release;
		};
		5626C0A7F045C536DD54C1E3 /* Debug */ = {
			isa = XCBuildConfiguration;
			buildSettings = {
				BUNDLE_LOADER = "$(TEST_HOST)";
				GENERATE_INFOPLIST_FILE = YES;
				LD_RUNPATH_SEARCH_PATHS = (
					"$(inherited)",
					"@executable_path/Frameworks",
					"@loader_path/Frameworks",
				);
				PRODUCT_BUNDLE_IDENTIFIER = com.yannickherrero.luna.uitests;
				SDKROOT = iphoneos;
				TARGETED_DEVICE_FAMILY = "1,2";
				TEST_TARGET_NAME = Luna;
			};
			name = Debug;
		};
		7F703E77CD98E5A0AF56F0A6 /* Debug */ = {
			isa = XCBuildConfiguration;
			buildSettings = {
				BUNDLE_LOADER = "$(TEST_HOST)";
				GENERATE_INFOPLIST_FILE = YES;
				LD_RUNPATH_SEARCH_PATHS = (
					"$(inherited)",
					"@executable_path/Frameworks",
					"@loader_path/Frameworks",
				);
				PRODUCT_BUNDLE_IDENTIFIER = com.yannickherrero.luna.tests;
				SDKROOT = iphoneos;
				TARGETED_DEVICE_FAMILY = "1,2";
				TEST_HOST = "$(BUILT_PRODUCTS_DIR)/Luna.app/$(BUNDLE_EXECUTABLE_FOLDER_PATH)/Luna";
			};
			name = Debug;
		};
		84D2771497886F76A490F2BD /* Debug */ = {
			isa = XCBuildConfiguration;
			buildSettings = {
				ASSETCATALOG_COMPILER_APPICON_NAME = AppIcon;
				ASSETCATALOG_COMPILER_GENERATE_SWIFT_ASSET_SYMBOL_EXTENSIONS = YES;
				CODE_SIGN_IDENTITY = "iPhone Developer";
				GENERATE_INFOPLIST_FILE = YES;
				INFOPLIST_KEY_CFBundleDisplayName = Luna;
				INFOPLIST_KEY_UIApplicationSceneManifest_Generation = YES;
				INFOPLIST_KEY_UIApplicationSupportsIndirectInputEvents = YES;
				INFOPLIST_KEY_UILaunchScreen_Generation = YES;
				LD_RUNPATH_SEARCH_PATHS = (
					"$(inherited)",
					"@executable_path/Frameworks",
				);
				PRODUCT_BUNDLE_IDENTIFIER = com.yannickherrero.luna;
				PRODUCT_NAME = Luna;
				SDKROOT = iphoneos;
				SUPPORTS_MACCATALYST = NO;
				TARGETED_DEVICE_FAMILY = "1,2";
			};
			name = Debug;
		};
		A656E583166AE2A51EF0E151 /* Debug */ = {
			isa = XCBuildConfiguration;
			buildSettings = {
				ALWAYS_SEARCH_USER_PATHS = NO;
				CLANG_ANALYZER_NONNULL = YES;
				CLANG_ANALYZER_NUMBER_OBJECT_CONVERSION = YES_AGGRESSIVE;
				CLANG_CXX_LANGUAGE_STANDARD = "gnu++14";
				CLANG_CXX_LIBRARY = "libc++";
				CLANG_ENABLE_MODULES = YES;
				CLANG_ENABLE_OBJC_ARC = YES;
				CLANG_ENABLE_OBJC_WEAK = YES;
				CLANG_WARN_BLOCK_CAPTURE_AUTORELEASING = YES;
				CLANG_WARN_BOOL_CONVERSION = YES;
				CLANG_WARN_COMMA = YES;
				CLANG_WARN_CONSTANT_CONVERSION = YES;
				CLANG_WARN_DEPRECATED_OBJC_IMPLEMENTATIONS = YES;
				CLANG_WARN_DIRECT_OBJC_ISA_USAGE = YES_ERROR;
				CLANG_WARN_DOCUMENTATION_COMMENTS = YES;
				CLANG_WARN_EMPTY_BODY = YES;
				CLANG_WARN_ENUM_CONVERSION = YES;
				CLANG_WARN_INFINITE_RECURSION = YES;
				CLANG_WARN_INT_CONVERSION = YES;
				CLANG_WARN_NON_LITERAL_NULL_CONVERSION = YES;
				CLANG_WARN_OBJC_IMPLICIT_RETAIN_SELF = YES;
				CLANG_WARN_OBJC_LITERAL_CONVERSION = YES;
				CLANG_WARN_OBJC_ROOT_CLASS = YES_ERROR;
				CLANG_WARN_QUOTED_INCLUDE_IN_FRAMEWORK_HEADER = YES;
				CLANG_WARN_RANGE_LOOP_ANALYSIS = YES;
				CLANG_WARN_STRICT_PROTOTYPES = YES;
				CLANG_WARN_SUSPICIOUS_MOVE = YES;
				CLANG_WARN_UNGUARDED_AVAILABILITY = YES_AGGRESSIVE;
				CLANG_WARN_UNREACHABLE_CODE = YES;
				CLANG_WARN__DUPLICATE_METHOD_MATCH = YES;
				COPY_PHASE_STRIP = NO;
				CURRENT_PROJECT_VERSION = 1;
				DEBUG_INFORMATION_FORMAT = dwarf;
				DEVELOPMENT_LANGUAGE = en;
				ENABLE_STRICT_OBJC_MSGSEND = YES;
				ENABLE_TESTABILITY = YES;
				ENABLE_USER_SCRIPT_SANDBOXING = YES;
				GCC_C_LANGUAGE_STANDARD = gnu11;
				GCC_DYNAMIC_NO_PIC = NO;
				GCC_NO_COMMON_BLOCKS = YES;
				GCC_OPTIMIZATION_LEVEL = 0;
				GCC_PREPROCESSOR_DEFINITIONS = (
					"$(inherited)",
					"DEBUG=1",
				);
				GCC_WARN_64_TO_32_BIT_CONVERSION = YES;
				GCC_WARN_ABOUT_RETURN_TYPE = YES_ERROR;
				GCC_WARN_UNDECLARED_SELECTOR = YES;
				GCC_WARN_UNINITIALIZED_AUTOS = YES_AGGRESSIVE;
				GCC_WARN_UNUSED_FUNCTION = YES;
				GCC_WARN_UNUSED_VARIABLE = YES;
				IPHONEOS_DEPLOYMENT_TARGET = 18.0;
				LOCALIZATION_PREFERS_STRING_CATALOGS = YES;
				MARKETING_VERSION = 1.0.0;
				MTL_ENABLE_DEBUG_INFO = INCLUDE_SOURCE;
				MTL_FAST_MATH = YES;
				ONLY_ACTIVE_ARCH = YES;
				PRODUCT_NAME = "$(TARGET_NAME)";
				SDKROOT = iphoneos;
				SWIFT_ACTIVE_COMPILATION_CONDITIONS = DEBUG;
				SWIFT_OPTIMIZATION_LEVEL = "-Onone";
				SWIFT_STRICT_CONCURRENCY = complete;
				SWIFT_VERSION = 6.0;
				TARGETED_DEVICE_FAMILY = "1,2";
			};
			name = Debug;
		};
		AF3E0CA3D7359222A764DEE5 /* Release */ = {
			isa = XCBuildConfiguration;
			buildSettings = {
				BUNDLE_LOADER = "$(TEST_HOST)";
				GENERATE_INFOPLIST_FILE = YES;
				LD_RUNPATH_SEARCH_PATHS = (
					"$(inherited)",
					"@executable_path/Frameworks",
					"@loader_path/Frameworks",
				);
				PRODUCT_BUNDLE_IDENTIFIER = com.yannickherrero.luna.uitests;
				SDKROOT = iphoneos;
				TARGETED_DEVICE_FAMILY = "1,2";
				TEST_TARGET_NAME = Luna;
			};
			name = Release;
		};
		E4B091AB0A6F3EA401007C21 /* Release */ = {
			isa = XCBuildConfiguration;
			buildSettings = {
				ASSETCATALOG_COMPILER_APPICON_NAME = AppIcon;
				ASSETCATALOG_COMPILER_GENERATE_SWIFT_ASSET_SYMBOL_EXTENSIONS = YES;
				CODE_SIGN_IDENTITY = "iPhone Developer";
				GENERATE_INFOPLIST_FILE = YES;
				INFOPLIST_KEY_CFBundleDisplayName = Luna;
				INFOPLIST_KEY_UIApplicationSceneManifest_Generation = YES;
				INFOPLIST_KEY_UIApplicationSupportsIndirectInputEvents = YES;
				INFOPLIST_KEY_UILaunchScreen_Generation = YES;
				LD_RUNPATH_SEARCH_PATHS = (
					"$(inherited)",
					"@executable_path/Frameworks",
				);
				PRODUCT_BUNDLE_IDENTIFIER = com.yannickherrero.luna;
				PRODUCT_NAME = Luna;
				SDKROOT = iphoneos;
				SUPPORTS_MACCATALYST = NO;
				TARGETED_DEVICE_FAMILY = "1,2";
			};
			name = Release;
		};
/* End XCBuildConfiguration section */

/* Begin XCConfigurationList section */
		402FB2144CA133517A0F616E /* Build configuration list for PBXNativeTarget "Luna" */ = {
			isa = XCConfigurationList;
			buildConfigurations = (
				84D2771497886F76A490F2BD /* Debug */,
				E4B091AB0A6F3EA401007C21 /* Release */,
			);
			defaultConfigurationIsVisible = 0;
			defaultConfigurationName = Debug;
		};
		78C6B562A9FE46C0BE6F07AF /* Build configuration list for PBXNativeTarget "LunaUITests" */ = {
			isa = XCConfigurationList;
			buildConfigurations = (
				5626C0A7F045C536DD54C1E3 /* Debug */,
				AF3E0CA3D7359222A764DEE5 /* Release */,
			);
			defaultConfigurationIsVisible = 0;
			defaultConfigurationName = Debug;
		};
		85A80063A5A7EEAFAAE82D51 /* Build configuration list for PBXNativeTarget "LunaTests" */ = {
			isa = XCConfigurationList;
			buildConfigurations = (
				7F703E77CD98E5A0AF56F0A6 /* Debug */,
				123CBB575894360522FE36FA /* Release */,
			);
			defaultConfigurationIsVisible = 0;
			defaultConfigurationName = Debug;
		};
		9C7285D4C14B8A8DF926CBB7 /* Build configuration list for PBXProject "Luna" */ = {
			isa = XCConfigurationList;
			buildConfigurations = (
				A656E583166AE2A51EF0E151 /* Debug */,
				1969CB8D53AF6852AF716F72 /* Release */,
			);
			defaultConfigurationIsVisible = 0;
			defaultConfigurationName = Debug;
		};
/* End XCConfigurationList section */
	};
	rootObject = 17A65B085E12EE34B8A63E88 /* Project object */;
}
